// !$*UTF8*$!
{
	archiveVersion = 1;
	classes = {
	};
	objectVersion = 46;
	objects = {

/* Begin PBXBuildFile section */
		4F04DBA21D46241700105A3D /* IQKeyboardManager.framework in Frameworks */ = {isa = PBXBuildFile; fileRef = 4F04DBA11D46241700105A3D /* IQKeyboardManager.framework */; };
		4F13DA3D1D7971DA00C272D3 /* VolonteerRole+Counting.m in Sources */ = {isa = PBXBuildFile; fileRef = 4F13DA3C1D7971DA00C272D3 /* VolonteerRole+Counting.m */; };
		4F13F2E81DAFB3DB00350190 /* EventCollectionViewCell.m in Sources */ = {isa = PBXBuildFile; fileRef = 4F13F2E71DAFB3DB00350190 /* EventCollectionViewCell.m */; };
		4F15E3051D815B5400F520F8 /* VolonteerRoleWithCount.m in Sources */ = {isa = PBXBuildFile; fileRef = 4F15E3041D815B5400F520F8 /* VolonteerRoleWithCount.m */; };
		4F2353AE1D76D3E10047E4A9 /* CreateEventChooseVolonteerRolesTableViewController.m in Sources */ = {isa = PBXBuildFile; fileRef = 4F2353AD1D76D3E10047E4A9 /* CreateEventChooseVolonteerRolesTableViewController.m */; };
		4F2353B11D76D6FC0047E4A9 /* CreateEventChooseVolonteerRolesTableViewCell.m in Sources */ = {isa = PBXBuildFile; fileRef = 4F2353B01D76D6FC0047E4A9 /* CreateEventChooseVolonteerRolesTableViewCell.m */; };
		4F2353B41D76EB360047E4A9 /* Event.m in Sources */ = {isa = PBXBuildFile; fileRef = 4F2353B31D76EB360047E4A9 /* Event.m */; };
		4F2D4BF71DA3EADD00E984F1 /* SimpleAlertController.m in Sources */ = {isa = PBXBuildFile; fileRef = 4F2D4BF61DA3EADD00E984F1 /* SimpleAlertController.m */; };
		4F2F33811D47436200F1F003 /* User.m in Sources */ = {isa = PBXBuildFile; fileRef = 4F2F33801D47436200F1F003 /* User.m */; };
		4F47ED661D51E83C00BE03C1 /* AFNetworking.framework in Frameworks */ = {isa = PBXBuildFile; fileRef = 4F47ED651D51E83C00BE03C1 /* AFNetworking.framework */; };
		4F5EF9E31D92A38A00371A8C /* CreateEventDateTableViewCell.m in Sources */ = {isa = PBXBuildFile; fileRef = 4F5EF9E21D92A38A00371A8C /* CreateEventDateTableViewCell.m */; };
		4F796C921D4B66B7009D0E6C /* Authorization.storyboard in Resources */ = {isa = PBXBuildFile; fileRef = 4F796C941D4B66B7009D0E6C /* Authorization.storyboard */; };
		4F7FEDDC1DA7876600F086B1 /* ImageResizer.m in Sources */ = {isa = PBXBuildFile; fileRef = 4F7FEDDB1DA7876600F086B1 /* ImageResizer.m */; };
		4F7FF8F61D6AE1ED0057B60B /* WeekDay.m in Sources */ = {isa = PBXBuildFile; fileRef = 4F7FF8F51D6AE1ED0057B60B /* WeekDay.m */; };
		4F7FF8FB1D6AFB9A0057B60B /* CommonColorsImages.xcassets in Resources */ = {isa = PBXBuildFile; fileRef = 4F7FF8FA1D6AFB9A0057B60B /* CommonColorsImages.xcassets */; };
		4F86B1EC1D54850E004A1DAB /* FBSDKCoreKit.framework in Frameworks */ = {isa = PBXBuildFile; fileRef = 4F86B1EB1D54850E004A1DAB /* FBSDKCoreKit.framework */; };
		4F86B1EE1D548A8F004A1DAB /* FBSDKLoginKit.framework in Frameworks */ = {isa = PBXBuildFile; fileRef = 4F86B1ED1D548A8F004A1DAB /* FBSDKLoginKit.framework */; };
		4F86B1FB1D54A285004A1DAB /* ProfileUpdaterFromFacebook.m in Sources */ = {isa = PBXBuildFile; fileRef = 4F86B1F71D54A285004A1DAB /* ProfileUpdaterFromFacebook.m */; };
		4F86B1FC1D54A285004A1DAB /* ProfileUpdaterFromTwitter.m in Sources */ = {isa = PBXBuildFile; fileRef = 4F86B1FA1D54A285004A1DAB /* ProfileUpdaterFromTwitter.m */; };
		4F8ACE9F1D40D3DA00593D00 /* LaunchImage.xcassets in Resources */ = {isa = PBXBuildFile; fileRef = 4F8ACE9E1D40D3DA00593D00 /* LaunchImage.xcassets */; };
		4F943ABA1D58847C00854183 /* BEMCheckBox.framework in Frameworks */ = {isa = PBXBuildFile; fileRef = 4F943AB91D58847C00854183 /* BEMCheckBox.framework */; };
		4F9D54851D3F97D300A14739 /* CocoaLumberjack.framework in Frameworks */ = {isa = PBXBuildFile; fileRef = 4F9D54841D3F97D300A14739 /* CocoaLumberjack.framework */; };
		4FB1CC041D6EF6DA002879CD /* CreateEventViewController.m in Sources */ = {isa = PBXBuildFile; fileRef = 4FB1CC031D6EF6DA002879CD /* CreateEventViewController.m */; };
		4FB1CC061D6EF705002879CD /* CreateEvent.storyboard in Resources */ = {isa = PBXBuildFile; fileRef = 4FB1CC051D6EF705002879CD /* CreateEvent.storyboard */; };
		4FB88D0A1D61F4A700CDB4C8 /* EventCategory.m in Sources */ = {isa = PBXBuildFile; fileRef = 4FB88D091D61F4A700CDB4C8 /* EventCategory.m */; };
		4FBABE901D67419B00ACAB74 /* VolonteerRole.m in Sources */ = {isa = PBXBuildFile; fileRef = 4FBABE8F1D67419B00ACAB74 /* VolonteerRole.m */; };
		4FBB6B271D6D88F20050F652 /* EqualityProxyFactory.m in Sources */ = {isa = PBXBuildFile; fileRef = 4FBB6B261D6D88F20050F652 /* EqualityProxyFactory.m */; };
		4FBC003E1D741ADA00BF32D4 /* CreateEventTableViewController.m in Sources */ = {isa = PBXBuildFile; fileRef = 4FBC003D1D741ADA00BF32D4 /* CreateEventTableViewController.m */; };
		4FBC00601D7433C900BF32D4 /* BecomeVolonteer.storyboard in Resources */ = {isa = PBXBuildFile; fileRef = 4FBC00421D7433C800BF32D4 /* BecomeVolonteer.storyboard */; };
		4FBC00611D7433C900BF32D4 /* BecomeVolonteer.xcassets in Resources */ = {isa = PBXBuildFile; fileRef = 4FBC00431D7433C800BF32D4 /* BecomeVolonteer.xcassets */; };
		4FBC00621D7433C900BF32D4 /* BecomeVolonteerViewController.m in Sources */ = {isa = PBXBuildFile; fileRef = 4FBC00451D7433C800BF32D4 /* BecomeVolonteerViewController.m */; };
		4FBC00631D7433C900BF32D4 /* VolonteerAbstractChooseTableViewController.m in Sources */ = {isa = PBXBuildFile; fileRef = 4FBC004A1D7433C800BF32D4 /* VolonteerAbstractChooseTableViewController.m */; };
		4FBC00641D7433C900BF32D4 /* VolonteerChooseTableViewCell.m in Sources */ = {isa = PBXBuildFile; fileRef = 4FBC004C1D7433C800BF32D4 /* VolonteerChooseTableViewCell.m */; };
		4FBC00651D7433C900BF32D4 /* EventCategory+Selecting.m in Sources */ = {isa = PBXBuildFile; fileRef = 4FBC004F1D7433C900BF32D4 /* EventCategory+Selecting.m */; };
		4FBC00661D7433C900BF32D4 /* VolonteerChooseEventCategoriesTableViewController.m in Sources */ = {isa = PBXBuildFile; fileRef = 4FBC00511D7433C900BF32D4 /* VolonteerChooseEventCategoriesTableViewController.m */; };
		4FBC00671D7433C900BF32D4 /* VolonteerChooseDatesTableViewController.m in Sources */ = {isa = PBXBuildFile; fileRef = 4FBC00541D7433C900BF32D4 /* VolonteerChooseDatesTableViewController.m */; };
		4FBC00681D7433C900BF32D4 /* WeekDay+Selecting.m in Sources */ = {isa = PBXBuildFile; fileRef = 4FBC00561D7433C900BF32D4 /* WeekDay+Selecting.m */; };
		4FBC00691D7433C900BF32D4 /* VolonteerFormTableView.m in Sources */ = {isa = PBXBuildFile; fileRef = 4FBC00581D7433C900BF32D4 /* VolonteerFormTableView.m */; };
		4FBC006A1D7433C900BF32D4 /* VolonteerFormTableViewController.m in Sources */ = {isa = PBXBuildFile; fileRef = 4FBC005A1D7433C900BF32D4 /* VolonteerFormTableViewController.m */; };
		4FBC006B1D7433C900BF32D4 /* VolonteerChooseRolesTableViewController.m in Sources */ = {isa = PBXBuildFile; fileRef = 4FBC005D1D7433C900BF32D4 /* VolonteerChooseRolesTableViewController.m */; };
		4FBC006C1D7433C900BF32D4 /* VolonteerRole+Selecting.m in Sources */ = {isa = PBXBuildFile; fileRef = 4FBC005F1D7433C900BF32D4 /* VolonteerRole+Selecting.m */; };
		4FBC00701D74382800BF32D4 /* CreateEventChooseCategoryTableViewController.m in Sources */ = {isa = PBXBuildFile; fileRef = 4FBC006F1D74382800BF32D4 /* CreateEventChooseCategoryTableViewController.m */; };
		4FBF89101D3F894300C371A4 /* Bolts.framework in Frameworks */ = {isa = PBXBuildFile; fileRef = 4FBF890E1D3F894300C371A4 /* Bolts.framework */; };
		4FBF89111D3F894300C371A4 /* Parse.framework in Frameworks */ = {isa = PBXBuildFile; fileRef = 4FBF890F1D3F894300C371A4 /* Parse.framework */; };
		4FC112501DABAEB0009189D4 /* CSNPlaceholderTextView.m in Sources */ = {isa = PBXBuildFile; fileRef = 4FC1124F1DABAEB0009189D4 /* CSNPlaceholderTextView.m */; };
		4FC4F4711D4A0BD300854283 /* Profile.storyboard in Resources */ = {isa = PBXBuildFile; fileRef = 4FC4F4701D4A0BD300854283 /* Profile.storyboard */; };
		4FC4F4761D4A0E0600854283 /* Profile.xcassets in Resources */ = {isa = PBXBuildFile; fileRef = 4FC4F4751D4A0E0600854283 /* Profile.xcassets */; };
		4FC4F47B1D4A10D900854283 /* RoundImageView.m in Sources */ = {isa = PBXBuildFile; fileRef = 4FC4F47A1D4A10D900854283 /* RoundImageView.m */; };
		4FC773951DACE8D100DA9510 /* EventsCollectionViewController.m in Sources */ = {isa = PBXBuildFile; fileRef = 4FC773941DACE8D100DA9510 /* EventsCollectionViewController.m */; };
		4FC773971DACF1C300DA9510 /* EventList.storyboard in Resources */ = {isa = PBXBuildFile; fileRef = 4FC773961DACF1C300DA9510 /* EventList.storyboard */; };
		4FC80B391D759502002C46D2 /* CreateEventTableViewCell.m in Sources */ = {isa = PBXBuildFile; fileRef = 4FC80B381D759502002C46D2 /* CreateEventTableViewCell.m */; };
		4FCD280A1D49FEC300C98C6A /* MainViewController.m in Sources */ = {isa = PBXBuildFile; fileRef = 4FCD28091D49FEC300C98C6A /* MainViewController.m */; };
		4FDA5B7F1D6C52D3005709C1 /* EventCategoryEqualityProxy.m in Sources */ = {isa = PBXBuildFile; fileRef = 4FDA5B7E1D6C52D3005709C1 /* EventCategoryEqualityProxy.m */; };
		4FDA5B821D6C5667005709C1 /* VolonteerRoleEqualityProxy.m in Sources */ = {isa = PBXBuildFile; fileRef = 4FDA5B811D6C5667005709C1 /* VolonteerRoleEqualityProxy.m */; };
		4FDA5B851D6C57B0005709C1 /* WeekDayEqualityProxy.m in Sources */ = {isa = PBXBuildFile; fileRef = 4FDA5B841D6C57B0005709C1 /* WeekDayEqualityProxy.m */; };
		4FE194861D42016100708B49 /* LoginViewController.m in Sources */ = {isa = PBXBuildFile; fileRef = 4FE194851D42016100708B49 /* LoginViewController.m */; };
		4FE1948A1D42029200708B49 /* LoginView.m in Sources */ = {isa = PBXBuildFile; fileRef = 4FE194891D42029200708B49 /* LoginView.m */; };
		4FE1948E1D420AE900708B49 /* RoundedTextField.m in Sources */ = {isa = PBXBuildFile; fileRef = 4FE1948D1D420AE900708B49 /* RoundedTextField.m */; };
		4FE194931D420F7E00708B49 /* RoundedButton.m in Sources */ = {isa = PBXBuildFile; fileRef = 4FE194921D420F7E00708B49 /* RoundedButton.m */; };
		4FE194991D42138C00708B49 /* SignupViewController.m in Sources */ = {isa = PBXBuildFile; fileRef = 4FE194981D42138C00708B49 /* SignupViewController.m */; };
		4FE1949C1D422BBE00708B49 /* ForgotPasswordViewController.m in Sources */ = {isa = PBXBuildFile; fileRef = 4FE1949B1D422BBE00708B49 /* ForgotPasswordViewController.m */; };
		4FE1949F1D422F4500708B49 /* SignupView.m in Sources */ = {isa = PBXBuildFile; fileRef = 4FE1949E1D422F4500708B49 /* SignupView.m */; };
		4FE1EE5D1D48C25D009170FB /* UIAlertController+SimpleAlert.m in Sources */ = {isa = PBXBuildFile; fileRef = 4FE1EE5C1D48C25D009170FB /* UIAlertController+SimpleAlert.m */; };
		4FEF49E51D4F4EC2008277F3 /* ParseFacebookUtilsV4.framework in Frameworks */ = {isa = PBXBuildFile; fileRef = 4FEF49E41D4F4EC2008277F3 /* ParseFacebookUtilsV4.framework */; };
		4FEF49E91D4F5787008277F3 /* ParseTwitterUtils.framework in Frameworks */ = {isa = PBXBuildFile; fileRef = 4FEF49E81D4F5787008277F3 /* ParseTwitterUtils.framework */; };
		4FF5DA801D9930D2008AF6C0 /* CreateEventTable.xcassets in Resources */ = {isa = PBXBuildFile; fileRef = 4FF5DA7F1D9930D2008AF6C0 /* CreateEventTable.xcassets */; };
		4FF956B81D40D9B900FB0242 /* AuthorizationAssets.xcassets in Resources */ = {isa = PBXBuildFile; fileRef = 4FF956B71D40D9B900FB0242 /* AuthorizationAssets.xcassets */; };
		4FFB0AA31D3F632400D20B8A /* main.m in Sources */ = {isa = PBXBuildFile; fileRef = 4FFB0AA21D3F632400D20B8A /* main.m */; };
		4FFB0AA61D3F632400D20B8A /* AppDelegate.m in Sources */ = {isa = PBXBuildFile; fileRef = 4FFB0AA51D3F632400D20B8A /* AppDelegate.m */; };
		4FFB0AAC1D3F632400D20B8A /* Main.storyboard in Resources */ = {isa = PBXBuildFile; fileRef = 4FFB0AAA1D3F632400D20B8A /* Main.storyboard */; };
		4FFB0AAE1D3F632400D20B8A /* Assets.xcassets in Resources */ = {isa = PBXBuildFile; fileRef = 4FFB0AAD1D3F632400D20B8A /* Assets.xcassets */; };
		4FFB0AB11D3F632400D20B8A /* LaunchScreen.storyboard in Resources */ = {isa = PBXBuildFile; fileRef = 4FFB0AAF1D3F632400D20B8A /* LaunchScreen.storyboard */; };
		4FFB0ABB1D3F675700D20B8A /* Fabric.framework in Frameworks */ = {isa = PBXBuildFile; fileRef = 4FFB0AB91D3F675700D20B8A /* Fabric.framework */; };
		4FFB0ABC1D3F675700D20B8A /* Crashlytics.framework in Frameworks */ = {isa = PBXBuildFile; fileRef = 4FFB0ABA1D3F675700D20B8A /* Crashlytics.framework */; };
/* End PBXBuildFile section */

/* Begin PBXFileReference section */
		4F04DBA11D46241700105A3D /* IQKeyboardManager.framework */ = {isa = PBXFileReference; lastKnownFileType = wrapper.framework; name = IQKeyboardManager.framework; path = Carthage/Build/iOS/IQKeyboardManager.framework; sourceTree = "<group>"; };
		4F13DA3B1D7971DA00C272D3 /* VolonteerRole+Counting.h */ = {isa = PBXFileReference; fileEncoding = 4; lastKnownFileType = sourcecode.c.h; name = "VolonteerRole+Counting.h"; path = "Events/CreateEvent/CreateEventTable/ChooseVolonteerRoles/VolonteerRole+Counting.h"; sourceTree = "<group>"; };
		4F13DA3C1D7971DA00C272D3 /* VolonteerRole+Counting.m */ = {isa = PBXFileReference; fileEncoding = 4; lastKnownFileType = sourcecode.c.objc; name = "VolonteerRole+Counting.m"; path = "Events/CreateEvent/CreateEventTable/ChooseVolonteerRoles/VolonteerRole+Counting.m"; sourceTree = "<group>"; };
		4F13F2E61DAFB3DB00350190 /* EventCollectionViewCell.h */ = {isa = PBXFileReference; fileEncoding = 4; lastKnownFileType = sourcecode.c.h; name = EventCollectionViewCell.h; path = Events/EventList/EventsCollectionViewController/EventCollectionViewCell.h; sourceTree = "<group>"; };
		4F13F2E71DAFB3DB00350190 /* EventCollectionViewCell.m */ = {isa = PBXFileReference; fileEncoding = 4; lastKnownFileType = sourcecode.c.objc; name = EventCollectionViewCell.m; path = Events/EventList/EventsCollectionViewController/EventCollectionViewCell.m; sourceTree = "<group>"; };
		4F15E3031D815B5400F520F8 /* VolonteerRoleWithCount.h */ = {isa = PBXFileReference; fileEncoding = 4; lastKnownFileType = sourcecode.c.h; name = VolonteerRoleWithCount.h; path = Common/DataModel/VolonteerRoleWithCount.h; sourceTree = "<group>"; };
		4F15E3041D815B5400F520F8 /* VolonteerRoleWithCount.m */ = {isa = PBXFileReference; fileEncoding = 4; lastKnownFileType = sourcecode.c.objc; name = VolonteerRoleWithCount.m; path = Common/DataModel/VolonteerRoleWithCount.m; sourceTree = "<group>"; };
		4F1914201DB4E2FF0098644E /* ContentRefreshing.h */ = {isa = PBXFileReference; fileEncoding = 4; lastKnownFileType = sourcecode.c.h; name = ContentRefreshing.h; path = MainScreen/ContentRefreshing.h; sourceTree = "<group>"; };
		4F2353AC1D76D3E10047E4A9 /* CreateEventChooseVolonteerRolesTableViewController.h */ = {isa = PBXFileReference; fileEncoding = 4; lastKnownFileType = sourcecode.c.h; name = CreateEventChooseVolonteerRolesTableViewController.h; path = Events/CreateEvent/CreateEventTable/ChooseVolonteerRoles/CreateEventChooseVolonteerRolesTableViewController.h; sourceTree = "<group>"; };
		4F2353AD1D76D3E10047E4A9 /* CreateEventChooseVolonteerRolesTableViewController.m */ = {isa = PBXFileReference; fileEncoding = 4; lastKnownFileType = sourcecode.c.objc; name = CreateEventChooseVolonteerRolesTableViewController.m; path = Events/CreateEvent/CreateEventTable/ChooseVolonteerRoles/CreateEventChooseVolonteerRolesTableViewController.m; sourceTree = "<group>"; };
		4F2353AF1D76D6FC0047E4A9 /* CreateEventChooseVolonteerRolesTableViewCell.h */ = {isa = PBXFileReference; fileEncoding = 4; lastKnownFileType = sourcecode.c.h; name = CreateEventChooseVolonteerRolesTableViewCell.h; path = Events/CreateEvent/CreateEventTable/ChooseVolonteerRoles/CreateEventChooseVolonteerRolesTableViewCell.h; sourceTree = "<group>"; };
		4F2353B01D76D6FC0047E4A9 /* CreateEventChooseVolonteerRolesTableViewCell.m */ = {isa = PBXFileReference; fileEncoding = 4; lastKnownFileType = sourcecode.c.objc; name = CreateEventChooseVolonteerRolesTableViewCell.m; path = Events/CreateEvent/CreateEventTable/ChooseVolonteerRoles/CreateEventChooseVolonteerRolesTableViewCell.m; sourceTree = "<group>"; };
		4F2353B21D76EB360047E4A9 /* Event.h */ = {isa = PBXFileReference; fileEncoding = 4; lastKnownFileType = sourcecode.c.h; name = Event.h; path = Common/DataModel/Event.h; sourceTree = "<group>"; };
		4F2353B31D76EB360047E4A9 /* Event.m */ = {isa = PBXFileReference; fileEncoding = 4; lastKnownFileType = sourcecode.c.objc; name = Event.m; path = Common/DataModel/Event.m; sourceTree = "<group>"; };
		4F2D4BF51DA3EADD00E984F1 /* SimpleAlertController.h */ = {isa = PBXFileReference; fileEncoding = 4; lastKnownFileType = sourcecode.c.h; name = SimpleAlertController.h; path = Common/UI/SimpleAlertController/SimpleAlertController.h; sourceTree = "<group>"; };
		4F2D4BF61DA3EADD00E984F1 /* SimpleAlertController.m */ = {isa = PBXFileReference; fileEncoding = 4; lastKnownFileType = sourcecode.c.objc; name = SimpleAlertController.m; path = Common/UI/SimpleAlertController/SimpleAlertController.m; sourceTree = "<group>"; };
		4F2F337F1D47436200F1F003 /* User.h */ = {isa = PBXFileReference; fileEncoding = 4; lastKnownFileType = sourcecode.c.h; name = User.h; path = Common/DataModel/User.h; sourceTree = "<group>"; };
		4F2F33801D47436200F1F003 /* User.m */ = {isa = PBXFileReference; fileEncoding = 4; lastKnownFileType = sourcecode.c.objc; name = User.m; path = Common/DataModel/User.m; sourceTree = "<group>"; };
		4F47ED651D51E83C00BE03C1 /* AFNetworking.framework */ = {isa = PBXFileReference; lastKnownFileType = wrapper.framework; name = AFNetworking.framework; path = Carthage/Build/iOS/AFNetworking.framework; sourceTree = "<group>"; };
		4F5EF9E11D92A38A00371A8C /* CreateEventDateTableViewCell.h */ = {isa = PBXFileReference; fileEncoding = 4; lastKnownFileType = sourcecode.c.h; name = CreateEventDateTableViewCell.h; path = Events/CreateEvent/CreateEventTable/CreateEventDateTableViewCell.h; sourceTree = "<group>"; };
		4F5EF9E21D92A38A00371A8C /* CreateEventDateTableViewCell.m */ = {isa = PBXFileReference; fileEncoding = 4; lastKnownFileType = sourcecode.c.objc; name = CreateEventDateTableViewCell.m; path = Events/CreateEvent/CreateEventTable/CreateEventDateTableViewCell.m; sourceTree = "<group>"; };
		4F796C931D4B66B7009D0E6C /* Base */ = {isa = PBXFileReference; lastKnownFileType = file.storyboard; name = Base; path = Base.lproj/Authorization.storyboard; sourceTree = "<group>"; };
		4F7FEDDA1DA7876600F086B1 /* ImageResizer.h */ = {isa = PBXFileReference; fileEncoding = 4; lastKnownFileType = sourcecode.c.h; name = ImageResizer.h; path = Common/ImageResizer/ImageResizer.h; sourceTree = "<group>"; };
		4F7FEDDB1DA7876600F086B1 /* ImageResizer.m */ = {isa = PBXFileReference; fileEncoding = 4; lastKnownFileType = sourcecode.c.objc; name = ImageResizer.m; path = Common/ImageResizer/ImageResizer.m; sourceTree = "<group>"; };
		4F7FF8F41D6AE1ED0057B60B /* WeekDay.h */ = {isa = PBXFileReference; fileEncoding = 4; lastKnownFileType = sourcecode.c.h; name = WeekDay.h; path = Common/DataModel/WeekDay.h; sourceTree = "<group>"; };
		4F7FF8F51D6AE1ED0057B60B /* WeekDay.m */ = {isa = PBXFileReference; fileEncoding = 4; lastKnownFileType = sourcecode.c.objc; name = WeekDay.m; path = Common/DataModel/WeekDay.m; sourceTree = "<group>"; };
		4F7FF8FA1D6AFB9A0057B60B /* CommonColorsImages.xcassets */ = {isa = PBXFileReference; lastKnownFileType = folder.assetcatalog; name = CommonColorsImages.xcassets; path = Common/UI/CommonColorsImages.xcassets; sourceTree = "<group>"; };
		4F86B1EB1D54850E004A1DAB /* FBSDKCoreKit.framework */ = {isa = PBXFileReference; lastKnownFileType = wrapper.framework; name = FBSDKCoreKit.framework; path = Carthage/Build/iOS/FBSDKCoreKit.framework; sourceTree = "<group>"; };
		4F86B1ED1D548A8F004A1DAB /* FBSDKLoginKit.framework */ = {isa = PBXFileReference; lastKnownFileType = wrapper.framework; name = FBSDKLoginKit.framework; path = Carthage/Build/iOS/FBSDKLoginKit.framework; sourceTree = "<group>"; };
		4F86B1F41D54A21C004A1DAB /* ProfileUpdaterProtocol.h */ = {isa = PBXFileReference; fileEncoding = 4; lastKnownFileType = sourcecode.c.h; name = ProfileUpdaterProtocol.h; path = Authorization/ProfileUpdaters/ProfileUpdaterProtocol.h; sourceTree = "<group>"; };
		4F86B1F61D54A285004A1DAB /* ProfileUpdaterFromFacebook.h */ = {isa = PBXFileReference; fileEncoding = 4; lastKnownFileType = sourcecode.c.h; path = ProfileUpdaterFromFacebook.h; sourceTree = "<group>"; };
		4F86B1F71D54A285004A1DAB /* ProfileUpdaterFromFacebook.m */ = {isa = PBXFileReference; fileEncoding = 4; lastKnownFileType = sourcecode.c.objc; path = ProfileUpdaterFromFacebook.m; sourceTree = "<group>"; };
		4F86B1F91D54A285004A1DAB /* ProfileUpdaterFromTwitter.h */ = {isa = PBXFileReference; fileEncoding = 4; lastKnownFileType = sourcecode.c.h; path = ProfileUpdaterFromTwitter.h; sourceTree = "<group>"; };
		4F86B1FA1D54A285004A1DAB /* ProfileUpdaterFromTwitter.m */ = {isa = PBXFileReference; fileEncoding = 4; lastKnownFileType = sourcecode.c.objc; path = ProfileUpdaterFromTwitter.m; sourceTree = "<group>"; };
		4F8A08A31D509135004658DC /* Accounts.framework */ = {isa = PBXFileReference; lastKnownFileType = wrapper.framework; name = Accounts.framework; path = System/Library/Frameworks/Accounts.framework; sourceTree = SDKROOT; };
		4F8ACE9E1D40D3DA00593D00 /* LaunchImage.xcassets */ = {isa = PBXFileReference; lastKnownFileType = folder.assetcatalog; name = LaunchImage.xcassets; path = LaunchImage/LaunchImage.xcassets; sourceTree = "<group>"; };
		4F943AB91D58847C00854183 /* BEMCheckBox.framework */ = {isa = PBXFileReference; lastKnownFileType = wrapper.framework; name = BEMCheckBox.framework; path = Carthage/Build/iOS/BEMCheckBox.framework; sourceTree = "<group>"; };
		4F9D54841D3F97D300A14739 /* CocoaLumberjack.framework */ = {isa = PBXFileReference; lastKnownFileType = wrapper.framework; name = CocoaLumberjack.framework; path = Carthage/Build/iOS/CocoaLumberjack.framework; sourceTree = "<group>"; };
		4FB1CC001D6ED8B5002879CD /* EqualityProxyProtocol.h */ = {isa = PBXFileReference; fileEncoding = 4; lastKnownFileType = sourcecode.c.h; name = EqualityProxyProtocol.h; path = Common/DataModel/EqualityProxies/EqualityProxyProtocol.h; sourceTree = "<group>"; };
		4FB1CC021D6EF6DA002879CD /* CreateEventViewController.h */ = {isa = PBXFileReference; fileEncoding = 4; lastKnownFileType = sourcecode.c.h; name = CreateEventViewController.h; path = Events/CreateEvent/CreateEventViewController.h; sourceTree = "<group>"; };
		4FB1CC031D6EF6DA002879CD /* CreateEventViewController.m */ = {isa = PBXFileReference; fileEncoding = 4; lastKnownFileType = sourcecode.c.objc; name = CreateEventViewController.m; path = Events/CreateEvent/CreateEventViewController.m; sourceTree = "<group>"; };
		4FB1CC051D6EF705002879CD /* CreateEvent.storyboard */ = {isa = PBXFileReference; fileEncoding = 4; lastKnownFileType = file.storyboard; name = CreateEvent.storyboard; path = Events/CreateEvent/CreateEvent.storyboard; sourceTree = "<group>"; };
		4FB88D081D61F4A700CDB4C8 /* EventCategory.h */ = {isa = PBXFileReference; fileEncoding = 4; lastKnownFileType = sourcecode.c.h; name = EventCategory.h; path = Common/DataModel/EventCategory.h; sourceTree = "<group>"; };
		4FB88D091D61F4A700CDB4C8 /* EventCategory.m */ = {isa = PBXFileReference; fileEncoding = 4; lastKnownFileType = sourcecode.c.objc; name = EventCategory.m; path = Common/DataModel/EventCategory.m; sourceTree = "<group>"; };
		4FBABE8E1D67419B00ACAB74 /* VolonteerRole.h */ = {isa = PBXFileReference; fileEncoding = 4; lastKnownFileType = sourcecode.c.h; name = VolonteerRole.h; path = Common/DataModel/VolonteerRole.h; sourceTree = "<group>"; };
		4FBABE8F1D67419B00ACAB74 /* VolonteerRole.m */ = {isa = PBXFileReference; fileEncoding = 4; lastKnownFileType = sourcecode.c.objc; name = VolonteerRole.m; path = Common/DataModel/VolonteerRole.m; sourceTree = "<group>"; };
		4FBB6B251D6D88F20050F652 /* EqualityProxyFactory.h */ = {isa = PBXFileReference; fileEncoding = 4; lastKnownFileType = sourcecode.c.h; name = EqualityProxyFactory.h; path = Common/DataModel/EqualityProxies/EqualityProxyFactory.h; sourceTree = "<group>"; };
		4FBB6B261D6D88F20050F652 /* EqualityProxyFactory.m */ = {isa = PBXFileReference; fileEncoding = 4; lastKnownFileType = sourcecode.c.objc; name = EqualityProxyFactory.m; path = Common/DataModel/EqualityProxies/EqualityProxyFactory.m; sourceTree = "<group>"; };
		4FBC003C1D741ADA00BF32D4 /* CreateEventTableViewController.h */ = {isa = PBXFileReference; fileEncoding = 4; lastKnownFileType = sourcecode.c.h; name = CreateEventTableViewController.h; path = Events/CreateEvent/CreateEventTable/CreateEventTableViewController.h; sourceTree = "<group>"; };
		4FBC003D1D741ADA00BF32D4 /* CreateEventTableViewController.m */ = {isa = PBXFileReference; fileEncoding = 4; lastKnownFileType = sourcecode.c.objc; name = CreateEventTableViewController.m; path = Events/CreateEvent/CreateEventTable/CreateEventTableViewController.m; sourceTree = "<group>"; };
		4FBC00421D7433C800BF32D4 /* BecomeVolonteer.storyboard */ = {isa = PBXFileReference; fileEncoding = 4; lastKnownFileType = file.storyboard; path = BecomeVolonteer.storyboard; sourceTree = "<group>"; };
		4FBC00431D7433C800BF32D4 /* BecomeVolonteer.xcassets */ = {isa = PBXFileReference; lastKnownFileType = folder.assetcatalog; path = BecomeVolonteer.xcassets; sourceTree = "<group>"; };
		4FBC00441D7433C800BF32D4 /* BecomeVolonteerViewController.h */ = {isa = PBXFileReference; fileEncoding = 4; lastKnownFileType = sourcecode.c.h; path = BecomeVolonteerViewController.h; sourceTree = "<group>"; };
		4FBC00451D7433C800BF32D4 /* BecomeVolonteerViewController.m */ = {isa = PBXFileReference; fileEncoding = 4; lastKnownFileType = sourcecode.c.objc; path = BecomeVolonteerViewController.m; sourceTree = "<group>"; };
		4FBC00481D7433C800BF32D4 /* Selecting.h */ = {isa = PBXFileReference; fileEncoding = 4; lastKnownFileType = sourcecode.c.h; path = Selecting.h; sourceTree = "<group>"; };
		4FBC00491D7433C800BF32D4 /* VolonteerAbstractChooseTableViewController.h */ = {isa = PBXFileReference; fileEncoding = 4; lastKnownFileType = sourcecode.c.h; path = VolonteerAbstractChooseTableViewController.h; sourceTree = "<group>"; };
		4FBC004A1D7433C800BF32D4 /* VolonteerAbstractChooseTableViewController.m */ = {isa = PBXFileReference; fileEncoding = 4; lastKnownFileType = sourcecode.c.objc; path = VolonteerAbstractChooseTableViewController.m; sourceTree = "<group>"; };
		4FBC004B1D7433C800BF32D4 /* VolonteerChooseTableViewCell.h */ = {isa = PBXFileReference; fileEncoding = 4; lastKnownFileType = sourcecode.c.h; path = VolonteerChooseTableViewCell.h; sourceTree = "<group>"; };
		4FBC004C1D7433C800BF32D4 /* VolonteerChooseTableViewCell.m */ = {isa = PBXFileReference; fileEncoding = 4; lastKnownFileType = sourcecode.c.objc; path = VolonteerChooseTableViewCell.m; sourceTree = "<group>"; };
		4FBC004E1D7433C800BF32D4 /* EventCategory+Selecting.h */ = {isa = PBXFileReference; fileEncoding = 4; lastKnownFileType = sourcecode.c.h; path = "EventCategory+Selecting.h"; sourceTree = "<group>"; };
		4FBC004F1D7433C900BF32D4 /* EventCategory+Selecting.m */ = {isa = PBXFileReference; fileEncoding = 4; lastKnownFileType = sourcecode.c.objc; path = "EventCategory+Selecting.m"; sourceTree = "<group>"; };
		4FBC00501D7433C900BF32D4 /* VolonteerChooseEventCategoriesTableViewController.h */ = {isa = PBXFileReference; fileEncoding = 4; lastKnownFileType = sourcecode.c.h; path = VolonteerChooseEventCategoriesTableViewController.h; sourceTree = "<group>"; };
		4FBC00511D7433C900BF32D4 /* VolonteerChooseEventCategoriesTableViewController.m */ = {isa = PBXFileReference; fileEncoding = 4; lastKnownFileType = sourcecode.c.objc; path = VolonteerChooseEventCategoriesTableViewController.m; sourceTree = "<group>"; };
		4FBC00531D7433C900BF32D4 /* VolonteerChooseDatesTableViewController.h */ = {isa = PBXFileReference; fileEncoding = 4; lastKnownFileType = sourcecode.c.h; path = VolonteerChooseDatesTableViewController.h; sourceTree = "<group>"; };
		4FBC00541D7433C900BF32D4 /* VolonteerChooseDatesTableViewController.m */ = {isa = PBXFileReference; fileEncoding = 4; lastKnownFileType = sourcecode.c.objc; path = VolonteerChooseDatesTableViewController.m; sourceTree = "<group>"; };
		4FBC00551D7433C900BF32D4 /* WeekDay+Selecting.h */ = {isa = PBXFileReference; fileEncoding = 4; lastKnownFileType = sourcecode.c.h; path = "WeekDay+Selecting.h"; sourceTree = "<group>"; };
		4FBC00561D7433C900BF32D4 /* WeekDay+Selecting.m */ = {isa = PBXFileReference; fileEncoding = 4; lastKnownFileType = sourcecode.c.objc; path = "WeekDay+Selecting.m"; sourceTree = "<group>"; };
		4FBC00571D7433C900BF32D4 /* VolonteerFormTableView.h */ = {isa = PBXFileReference; fileEncoding = 4; lastKnownFileType = sourcecode.c.h; path = VolonteerFormTableView.h; sourceTree = "<group>"; };
		4FBC00581D7433C900BF32D4 /* VolonteerFormTableView.m */ = {isa = PBXFileReference; fileEncoding = 4; lastKnownFileType = sourcecode.c.objc; path = VolonteerFormTableView.m; sourceTree = "<group>"; };
		4FBC00591D7433C900BF32D4 /* VolonteerFormTableViewController.h */ = {isa = PBXFileReference; fileEncoding = 4; lastKnownFileType = sourcecode.c.h; path = VolonteerFormTableViewController.h; sourceTree = "<group>"; };
		4FBC005A1D7433C900BF32D4 /* VolonteerFormTableViewController.m */ = {isa = PBXFileReference; fileEncoding = 4; lastKnownFileType = sourcecode.c.objc; path = VolonteerFormTableViewController.m; sourceTree = "<group>"; };
		4FBC005C1D7433C900BF32D4 /* VolonteerChooseRolesTableViewController.h */ = {isa = PBXFileReference; fileEncoding = 4; lastKnownFileType = sourcecode.c.h; path = VolonteerChooseRolesTableViewController.h; sourceTree = "<group>"; };
		4FBC005D1D7433C900BF32D4 /* VolonteerChooseRolesTableViewController.m */ = {isa = PBXFileReference; fileEncoding = 4; lastKnownFileType = sourcecode.c.objc; path = VolonteerChooseRolesTableViewController.m; sourceTree = "<group>"; };
		4FBC005E1D7433C900BF32D4 /* VolonteerRole+Selecting.h */ = {isa = PBXFileReference; fileEncoding = 4; lastKnownFileType = sourcecode.c.h; path = "VolonteerRole+Selecting.h"; sourceTree = "<group>"; };
		4FBC005F1D7433C900BF32D4 /* VolonteerRole+Selecting.m */ = {isa = PBXFileReference; fileEncoding = 4; lastKnownFileType = sourcecode.c.objc; path = "VolonteerRole+Selecting.m"; sourceTree = "<group>"; };
		4FBC006E1D74382800BF32D4 /* CreateEventChooseCategoryTableViewController.h */ = {isa = PBXFileReference; fileEncoding = 4; lastKnownFileType = sourcecode.c.h; name = CreateEventChooseCategoryTableViewController.h; path = Events/CreateEvent/CreateEventTable/ChooseCategory/CreateEventChooseCategoryTableViewController.h; sourceTree = "<group>"; };
		4FBC006F1D74382800BF32D4 /* CreateEventChooseCategoryTableViewController.m */ = {isa = PBXFileReference; fileEncoding = 4; lastKnownFileType = sourcecode.c.objc; name = CreateEventChooseCategoryTableViewController.m; path = Events/CreateEvent/CreateEventTable/ChooseCategory/CreateEventChooseCategoryTableViewController.m; sourceTree = "<group>"; };
		4FBF890E1D3F894300C371A4 /* Bolts.framework */ = {isa = PBXFileReference; lastKnownFileType = wrapper.framework; name = Bolts.framework; path = Carthage/Build/iOS/Bolts.framework; sourceTree = "<group>"; };
		4FBF890F1D3F894300C371A4 /* Parse.framework */ = {isa = PBXFileReference; lastKnownFileType = wrapper.framework; name = Parse.framework; path = Carthage/Build/iOS/Parse.framework; sourceTree = "<group>"; };
		4FC1124E1DABAEB0009189D4 /* CSNPlaceholderTextView.h */ = {isa = PBXFileReference; fileEncoding = 4; lastKnownFileType = sourcecode.c.h; path = CSNPlaceholderTextView.h; sourceTree = "<group>"; };
		4FC1124F1DABAEB0009189D4 /* CSNPlaceholderTextView.m */ = {isa = PBXFileReference; fileEncoding = 4; lastKnownFileType = sourcecode.c.objc; path = CSNPlaceholderTextView.m; sourceTree = "<group>"; };
		4FC4F4701D4A0BD300854283 /* Profile.storyboard */ = {isa = PBXFileReference; fileEncoding = 4; lastKnownFileType = file.storyboard; name = Profile.storyboard; path = Profile/Profile.storyboard; sourceTree = "<group>"; };
		4FC4F4751D4A0E0600854283 /* Profile.xcassets */ = {isa = PBXFileReference; lastKnownFileType = folder.assetcatalog; name = Profile.xcassets; path = Profile/Profile.xcassets; sourceTree = "<group>"; };
		4FC4F4791D4A10D900854283 /* RoundImageView.h */ = {isa = PBXFileReference; fileEncoding = 4; lastKnownFileType = sourcecode.c.h; name = RoundImageView.h; path = Profile/RoundImageView/RoundImageView.h; sourceTree = "<group>"; };
		4FC4F47A1D4A10D900854283 /* RoundImageView.m */ = {isa = PBXFileReference; fileEncoding = 4; lastKnownFileType = sourcecode.c.objc; name = RoundImageView.m; path = Profile/RoundImageView/RoundImageView.m; sourceTree = "<group>"; };
		4FC773931DACE8D100DA9510 /* EventsCollectionViewController.h */ = {isa = PBXFileReference; fileEncoding = 4; lastKnownFileType = sourcecode.c.h; name = EventsCollectionViewController.h; path = Events/EventList/EventsCollectionViewController/EventsCollectionViewController.h; sourceTree = "<group>"; };
		4FC773941DACE8D100DA9510 /* EventsCollectionViewController.m */ = {isa = PBXFileReference; fileEncoding = 4; lastKnownFileType = sourcecode.c.objc; name = EventsCollectionViewController.m; path = Events/EventList/EventsCollectionViewController/EventsCollectionViewController.m; sourceTree = "<group>"; };
		4FC773961DACF1C300DA9510 /* EventList.storyboard */ = {isa = PBXFileReference; fileEncoding = 4; lastKnownFileType = file.storyboard; name = EventList.storyboard; path = Events/EventList/EventList.storyboard; sourceTree = "<group>"; };
		4FC80B371D759502002C46D2 /* CreateEventTableViewCell.h */ = {isa = PBXFileReference; fileEncoding = 4; lastKnownFileType = sourcecode.c.h; name = CreateEventTableViewCell.h; path = Events/CreateEvent/CreateEventTable/CreateEventTableViewCell.h; sourceTree = "<group>"; };
		4FC80B381D759502002C46D2 /* CreateEventTableViewCell.m */ = {isa = PBXFileReference; fileEncoding = 4; lastKnownFileType = sourcecode.c.objc; name = CreateEventTableViewCell.m; path = Events/CreateEvent/CreateEventTable/CreateEventTableViewCell.m; sourceTree = "<group>"; };
		4FCD28081D49FEC300C98C6A /* MainViewController.h */ = {isa = PBXFileReference; fileEncoding = 4; lastKnownFileType = sourcecode.c.h; name = MainViewController.h; path = MainScreen/MainViewController.h; sourceTree = "<group>"; };
		4FCD28091D49FEC300C98C6A /* MainViewController.m */ = {isa = PBXFileReference; fileEncoding = 4; lastKnownFileType = sourcecode.c.objc; name = MainViewController.m; path = MainScreen/MainViewController.m; sourceTree = "<group>"; };
		4FDA5B7D1D6C52D3005709C1 /* EventCategoryEqualityProxy.h */ = {isa = PBXFileReference; fileEncoding = 4; lastKnownFileType = sourcecode.c.h; name = EventCategoryEqualityProxy.h; path = Common/DataModel/EqualityProxies/EventCategoryEqualityProxy.h; sourceTree = "<group>"; };
		4FDA5B7E1D6C52D3005709C1 /* EventCategoryEqualityProxy.m */ = {isa = PBXFileReference; fileEncoding = 4; lastKnownFileType = sourcecode.c.objc; name = EventCategoryEqualityProxy.m; path = Common/DataModel/EqualityProxies/EventCategoryEqualityProxy.m; sourceTree = "<group>"; };
		4FDA5B801D6C5667005709C1 /* VolonteerRoleEqualityProxy.h */ = {isa = PBXFileReference; fileEncoding = 4; lastKnownFileType = sourcecode.c.h; name = VolonteerRoleEqualityProxy.h; path = Common/DataModel/EqualityProxies/VolonteerRoleEqualityProxy.h; sourceTree = "<group>"; };
		4FDA5B811D6C5667005709C1 /* VolonteerRoleEqualityProxy.m */ = {isa = PBXFileReference; fileEncoding = 4; lastKnownFileType = sourcecode.c.objc; name = VolonteerRoleEqualityProxy.m; path = Common/DataModel/EqualityProxies/VolonteerRoleEqualityProxy.m; sourceTree = "<group>"; };
		4FDA5B831D6C57B0005709C1 /* WeekDayEqualityProxy.h */ = {isa = PBXFileReference; fileEncoding = 4; lastKnownFileType = sourcecode.c.h; name = WeekDayEqualityProxy.h; path = Common/DataModel/EqualityProxies/WeekDayEqualityProxy.h; sourceTree = "<group>"; };
		4FDA5B841D6C57B0005709C1 /* WeekDayEqualityProxy.m */ = {isa = PBXFileReference; fileEncoding = 4; lastKnownFileType = sourcecode.c.objc; name = WeekDayEqualityProxy.m; path = Common/DataModel/EqualityProxies/WeekDayEqualityProxy.m; sourceTree = "<group>"; };
		4FE194841D42016100708B49 /* LoginViewController.h */ = {isa = PBXFileReference; fileEncoding = 4; lastKnownFileType = sourcecode.c.h; name = LoginViewController.h; path = Authorization/Authorization/LoginViewController.h; sourceTree = "<group>"; };
		4FE194851D42016100708B49 /* LoginViewController.m */ = {isa = PBXFileReference; fileEncoding = 4; lastKnownFileType = sourcecode.c.objc; name = LoginViewController.m; path = Authorization/Authorization/LoginViewController.m; sourceTree = "<group>"; };
		4FE194881D42029200708B49 /* LoginView.h */ = {isa = PBXFileReference; fileEncoding = 4; lastKnownFileType = sourcecode.c.h; name = LoginView.h; path = Authorization/Authorization/LoginView.h; sourceTree = "<group>"; };
		4FE194891D42029200708B49 /* LoginView.m */ = {isa = PBXFileReference; fileEncoding = 4; lastKnownFileType = sourcecode.c.objc; name = LoginView.m; path = Authorization/Authorization/LoginView.m; sourceTree = "<group>"; };
		4FE1948C1D420AE900708B49 /* RoundedTextField.h */ = {isa = PBXFileReference; fileEncoding = 4; lastKnownFileType = sourcecode.c.h; name = RoundedTextField.h; path = Common/UI/RoundedTextFiled/RoundedTextField.h; sourceTree = "<group>"; };
		4FE1948D1D420AE900708B49 /* RoundedTextField.m */ = {isa = PBXFileReference; fileEncoding = 4; lastKnownFileType = sourcecode.c.objc; name = RoundedTextField.m; path = Common/UI/RoundedTextFiled/RoundedTextField.m; sourceTree = "<group>"; };
		4FE194911D420F7E00708B49 /* RoundedButton.h */ = {isa = PBXFileReference; fileEncoding = 4; lastKnownFileType = sourcecode.c.h; name = RoundedButton.h; path = Common/UI/RoundedButton/RoundedButton.h; sourceTree = "<group>"; };
		4FE194921D420F7E00708B49 /* RoundedButton.m */ = {isa = PBXFileReference; fileEncoding = 4; lastKnownFileType = sourcecode.c.objc; name = RoundedButton.m; path = Common/UI/RoundedButton/RoundedButton.m; sourceTree = "<group>"; };
		4FE194971D42138C00708B49 /* SignupViewController.h */ = {isa = PBXFileReference; fileEncoding = 4; lastKnownFileType = sourcecode.c.h; name = SignupViewController.h; path = Authorization/Signup/SignupViewController.h; sourceTree = "<group>"; };
		4FE194981D42138C00708B49 /* SignupViewController.m */ = {isa = PBXFileReference; fileEncoding = 4; lastKnownFileType = sourcecode.c.objc; name = SignupViewController.m; path = Authorization/Signup/SignupViewController.m; sourceTree = "<group>"; };
		4FE1949A1D422BBE00708B49 /* ForgotPasswordViewController.h */ = {isa = PBXFileReference; fileEncoding = 4; lastKnownFileType = sourcecode.c.h; name = ForgotPasswordViewController.h; path = Authorization/ForgotPassword/ForgotPasswordViewController.h; sourceTree = "<group>"; };
		4FE1949B1D422BBE00708B49 /* ForgotPasswordViewController.m */ = {isa = PBXFileReference; fileEncoding = 4; lastKnownFileType = sourcecode.c.objc; name = ForgotPasswordViewController.m; path = Authorization/ForgotPassword/ForgotPasswordViewController.m; sourceTree = "<group>"; };
		4FE1949D1D422F4500708B49 /* SignupView.h */ = {isa = PBXFileReference; fileEncoding = 4; lastKnownFileType = sourcecode.c.h; name = SignupView.h; path = Authorization/Signup/SignupView.h; sourceTree = "<group>"; };
		4FE1949E1D422F4500708B49 /* SignupView.m */ = {isa = PBXFileReference; fileEncoding = 4; lastKnownFileType = sourcecode.c.objc; name = SignupView.m; path = Authorization/Signup/SignupView.m; sourceTree = "<group>"; };
		4FE1EE5B1D48C25D009170FB /* UIAlertController+SimpleAlert.h */ = {isa = PBXFileReference; fileEncoding = 4; lastKnownFileType = sourcecode.c.h; name = "UIAlertController+SimpleAlert.h"; path = "Common/UI/SimpleAlert/UIAlertController+SimpleAlert.h"; sourceTree = "<group>"; };
		4FE1EE5C1D48C25D009170FB /* UIAlertController+SimpleAlert.m */ = {isa = PBXFileReference; fileEncoding = 4; lastKnownFileType = sourcecode.c.objc; name = "UIAlertController+SimpleAlert.m"; path = "Common/UI/SimpleAlert/UIAlertController+SimpleAlert.m"; sourceTree = "<group>"; };
		4FEF49E41D4F4EC2008277F3 /* ParseFacebookUtilsV4.framework */ = {isa = PBXFileReference; lastKnownFileType = wrapper.framework; path = ParseFacebookUtilsV4.framework; sourceTree = "<group>"; };
		4FEF49E81D4F5787008277F3 /* ParseTwitterUtils.framework */ = {isa = PBXFileReference; lastKnownFileType = wrapper.framework; name = ParseTwitterUtils.framework; path = Carthage/Build/iOS/ParseTwitterUtils.framework; sourceTree = "<group>"; };
		4FF5DA7F1D9930D2008AF6C0 /* CreateEventTable.xcassets */ = {isa = PBXFileReference; lastKnownFileType = folder.assetcatalog; name = CreateEventTable.xcassets; path = Events/CreateEvent/CreateEventTable/CreateEventTable.xcassets; sourceTree = "<group>"; };
		4FF956B71D40D9B900FB0242 /* AuthorizationAssets.xcassets */ = {isa = PBXFileReference; lastKnownFileType = folder.assetcatalog; name = AuthorizationAssets.xcassets; path = Authorization/AuthorizationAssets.xcassets; sourceTree = "<group>"; };
		4FFB0A9E1D3F632400D20B8A /* Cheday.app */ = {isa = PBXFileReference; explicitFileType = wrapper.application; includeInIndex = 0; path = Cheday.app; sourceTree = BUILT_PRODUCTS_DIR; };
		4FFB0AA21D3F632400D20B8A /* main.m */ = {isa = PBXFileReference; lastKnownFileType = sourcecode.c.objc; path = main.m; sourceTree = "<group>"; };
		4FFB0AA41D3F632400D20B8A /* AppDelegate.h */ = {isa = PBXFileReference; lastKnownFileType = sourcecode.c.h; path = AppDelegate.h; sourceTree = "<group>"; };
		4FFB0AA51D3F632400D20B8A /* AppDelegate.m */ = {isa = PBXFileReference; lastKnownFileType = sourcecode.c.objc; path = AppDelegate.m; sourceTree = "<group>"; };
		4FFB0AAB1D3F632400D20B8A /* Base */ = {isa = PBXFileReference; lastKnownFileType = file.storyboard; name = Base; path = Base.lproj/Main.storyboard; sourceTree = "<group>"; };
		4FFB0AAD1D3F632400D20B8A /* Assets.xcassets */ = {isa = PBXFileReference; lastKnownFileType = folder.assetcatalog; path = Assets.xcassets; sourceTree = "<group>"; };
		4FFB0AB01D3F632400D20B8A /* Base */ = {isa = PBXFileReference; lastKnownFileType = file.storyboard; name = Base; path = Base.lproj/LaunchScreen.storyboard; sourceTree = "<group>"; };
		4FFB0AB21D3F632400D20B8A /* Info.plist */ = {isa = PBXFileReference; lastKnownFileType = text.plist.xml; path = Info.plist; sourceTree = "<group>"; };
		4FFB0AB91D3F675700D20B8A /* Fabric.framework */ = {isa = PBXFileReference; lastKnownFileType = wrapper.framework; path = Fabric.framework; sourceTree = "<group>"; };
		4FFB0ABA1D3F675700D20B8A /* Crashlytics.framework */ = {isa = PBXFileReference; lastKnownFileType = wrapper.framework; path = Crashlytics.framework; sourceTree = "<group>"; };
/* End PBXFileReference section */

/* Begin PBXFrameworksBuildPhase section */
		4FFB0A9B1D3F632400D20B8A /* Frameworks */ = {
			isa = PBXFrameworksBuildPhase;
			buildActionMask = 2147483647;
			files = (
				4FBF89101D3F894300C371A4 /* Bolts.framework in Frameworks */,
				4FBF89111D3F894300C371A4 /* Parse.framework in Frameworks */,
				4FEF49E51D4F4EC2008277F3 /* ParseFacebookUtilsV4.framework in Frameworks */,
				4F9D54851D3F97D300A14739 /* CocoaLumberjack.framework in Frameworks */,
				4F943ABA1D58847C00854183 /* BEMCheckBox.framework in Frameworks */,
				4FFB0ABC1D3F675700D20B8A /* Crashlytics.framework in Frameworks */,
				4F86B1EC1D54850E004A1DAB /* FBSDKCoreKit.framework in Frameworks */,
				4FFB0ABB1D3F675700D20B8A /* Fabric.framework in Frameworks */,
				4FEF49E91D4F5787008277F3 /* ParseTwitterUtils.framework in Frameworks */,
				4F86B1EE1D548A8F004A1DAB /* FBSDKLoginKit.framework in Frameworks */,
				4F47ED661D51E83C00BE03C1 /* AFNetworking.framework in Frameworks */,
				4F04DBA21D46241700105A3D /* IQKeyboardManager.framework in Frameworks */,
			);
			runOnlyForDeploymentPostprocessing = 0;
		};
/* End PBXFrameworksBuildPhase section */

/* Begin PBXGroup section */
		4F2353AB1D76D2AF0047E4A9 /* CreateEventChooseVolonteerRoles */ = {
			isa = PBXGroup;
			children = (
				4F2353AC1D76D3E10047E4A9 /* CreateEventChooseVolonteerRolesTableViewController.h */,
				4F2353AD1D76D3E10047E4A9 /* CreateEventChooseVolonteerRolesTableViewController.m */,
				4F2353AF1D76D6FC0047E4A9 /* CreateEventChooseVolonteerRolesTableViewCell.h */,
				4F2353B01D76D6FC0047E4A9 /* CreateEventChooseVolonteerRolesTableViewCell.m */,
				4F13DA3B1D7971DA00C272D3 /* VolonteerRole+Counting.h */,
				4F13DA3C1D7971DA00C272D3 /* VolonteerRole+Counting.m */,
			);
			name = CreateEventChooseVolonteerRoles;
			sourceTree = "<group>";
		};
		4F2D4BF41DA3EAAB00E984F1 /* SimpleAlertController */ = {
			isa = PBXGroup;
			children = (
				4F2D4BF51DA3EADD00E984F1 /* SimpleAlertController.h */,
				4F2D4BF61DA3EADD00E984F1 /* SimpleAlertController.m */,
			);
			name = SimpleAlertController;
			sourceTree = "<group>";
		};
		4F2F337E1D47433000F1F003 /* DataModel */ = {
			isa = PBXGroup;
			children = (
				4FDA5B7C1D6C524F005709C1 /* EqualityProxies */,
				4F2F337F1D47436200F1F003 /* User.h */,
				4F2F33801D47436200F1F003 /* User.m */,
				4FB88D081D61F4A700CDB4C8 /* EventCategory.h */,
				4FB88D091D61F4A700CDB4C8 /* EventCategory.m */,
				4FBABE8E1D67419B00ACAB74 /* VolonteerRole.h */,
				4FBABE8F1D67419B00ACAB74 /* VolonteerRole.m */,
				4F7FF8F41D6AE1ED0057B60B /* WeekDay.h */,
				4F7FF8F51D6AE1ED0057B60B /* WeekDay.m */,
				4F2353B21D76EB360047E4A9 /* Event.h */,
				4F2353B31D76EB360047E4A9 /* Event.m */,
				4F15E3031D815B5400F520F8 /* VolonteerRoleWithCount.h */,
				4F15E3041D815B5400F520F8 /* VolonteerRoleWithCount.m */,
			);
			name = DataModel;
			sourceTree = "<group>";
		};
		4F796C971D4B6809009D0E6C /* Events */ = {
			isa = PBXGroup;
			children = (
				4FC773921DACE38200DA9510 /* EventList */,
				4FBC00411D7433C800BF32D4 /* BecomeVolonteer */,
				4FB1CC011D6EF612002879CD /* CreateEvent */,
			);
			name = Events;
			sourceTree = "<group>";
		};
		4F7BFA241D40D4EE005BB78C /* Authorization */ = {
			isa = PBXGroup;
			children = (
				4F86B1F31D54A1CA004A1DAB /* ProfileUpdaters */,
				4FE194961D4212F800708B49 /* ForgotPassword */,
				4FE194951D4212CC00708B49 /* Signup */,
				4FE194871D42016600708B49 /* Authorization */,
				4F796C941D4B66B7009D0E6C /* Authorization.storyboard */,
				4FF956B71D40D9B900FB0242 /* AuthorizationAssets.xcassets */,
			);
			name = Authorization;
			sourceTree = "<group>";
		};
		4F7FEDD91DA7872D00F086B1 /* ImageResizer */ = {
			isa = PBXGroup;
			children = (
				4F7FEDDA1DA7876600F086B1 /* ImageResizer.h */,
				4F7FEDDB1DA7876600F086B1 /* ImageResizer.m */,
			);
			name = ImageResizer;
			sourceTree = "<group>";
		};
		4F86B1F31D54A1CA004A1DAB /* ProfileUpdaters */ = {
			isa = PBXGroup;
			children = (
				4F86B1F51D54A285004A1DAB /* ProfileUpdaterFromFacebook */,
				4F86B1F81D54A285004A1DAB /* ProfileUpdaterFromTwitter */,
				4F86B1F41D54A21C004A1DAB /* ProfileUpdaterProtocol.h */,
			);
			name = ProfileUpdaters;
			sourceTree = "<group>";
		};
		4F86B1F51D54A285004A1DAB /* ProfileUpdaterFromFacebook */ = {
			isa = PBXGroup;
			children = (
				4F86B1F61D54A285004A1DAB /* ProfileUpdaterFromFacebook.h */,
				4F86B1F71D54A285004A1DAB /* ProfileUpdaterFromFacebook.m */,
			);
			name = ProfileUpdaterFromFacebook;
			path = Authorization/ProfileUpdaters/ProfileUpdaterFromFacebook;
			sourceTree = "<group>";
		};
		4F86B1F81D54A285004A1DAB /* ProfileUpdaterFromTwitter */ = {
			isa = PBXGroup;
			children = (
				4F86B1F91D54A285004A1DAB /* ProfileUpdaterFromTwitter.h */,
				4F86B1FA1D54A285004A1DAB /* ProfileUpdaterFromTwitter.m */,
			);
			name = ProfileUpdaterFromTwitter;
			path = Authorization/ProfileUpdaters/ProfileUpdaterFromTwitter;
			sourceTree = "<group>";
		};
		4F8ACE9D1D40D37E00593D00 /* LaunchImage */ = {
			isa = PBXGroup;
			children = (
				4FFB0AAF1D3F632400D20B8A /* LaunchScreen.storyboard */,
				4F8ACE9E1D40D3DA00593D00 /* LaunchImage.xcassets */,
			);
			name = LaunchImage;
			sourceTree = "<group>";
		};
		4FB1CC011D6EF612002879CD /* CreateEvent */ = {
			isa = PBXGroup;
			children = (
				4FBC003B1D741AA400BF32D4 /* CreateEventTable */,
				4FB1CC021D6EF6DA002879CD /* CreateEventViewController.h */,
				4FB1CC031D6EF6DA002879CD /* CreateEventViewController.m */,
				4FB1CC051D6EF705002879CD /* CreateEvent.storyboard */,
			);
			name = CreateEvent;
			sourceTree = "<group>";
		};
		4FBC003B1D741AA400BF32D4 /* CreateEventTable */ = {
			isa = PBXGroup;
			children = (
				4FBC006D1D7437E700BF32D4 /* CreateEventChooseCategory */,
				4F2353AB1D76D2AF0047E4A9 /* CreateEventChooseVolonteerRoles */,
				4FBC003C1D741ADA00BF32D4 /* CreateEventTableViewController.h */,
				4FBC003D1D741ADA00BF32D4 /* CreateEventTableViewController.m */,
				4FC80B371D759502002C46D2 /* CreateEventTableViewCell.h */,
				4FC80B381D759502002C46D2 /* CreateEventTableViewCell.m */,
				4F5EF9E11D92A38A00371A8C /* CreateEventDateTableViewCell.h */,
				4F5EF9E21D92A38A00371A8C /* CreateEventDateTableViewCell.m */,
				4FF5DA7F1D9930D2008AF6C0 /* CreateEventTable.xcassets */,
			);
			name = CreateEventTable;
			sourceTree = "<group>";
		};
		4FBC00411D7433C800BF32D4 /* BecomeVolonteer */ = {
			isa = PBXGroup;
			children = (
				4FBC00461D7433C800BF32D4 /* VolonteerForm */,
				4FBC00441D7433C800BF32D4 /* BecomeVolonteerViewController.h */,
				4FBC00451D7433C800BF32D4 /* BecomeVolonteerViewController.m */,
				4FBC00431D7433C800BF32D4 /* BecomeVolonteer.xcassets */,
				4FBC00421D7433C800BF32D4 /* BecomeVolonteer.storyboard */,
			);
			name = BecomeVolonteer;
			path = Events/BecomeVolonteer;
			sourceTree = "<group>";
		};
		4FBC00461D7433C800BF32D4 /* VolonteerForm */ = {
			isa = PBXGroup;
			children = (
				4FBC00471D7433C800BF32D4 /* VolonteerAbstractChoose */,
				4FBC004D1D7433C800BF32D4 /* VolonteerCategories */,
				4FBC00521D7433C900BF32D4 /* VolonteerDates */,
				4FBC00591D7433C900BF32D4 /* VolonteerFormTableViewController.h */,
				4FBC005A1D7433C900BF32D4 /* VolonteerFormTableViewController.m */,
				4FBC00571D7433C900BF32D4 /* VolonteerFormTableView.h */,
				4FBC00581D7433C900BF32D4 /* VolonteerFormTableView.m */,
				4FBC005B1D7433C900BF32D4 /* VolonteerRoles */,
			);
			path = VolonteerForm;
			sourceTree = "<group>";
		};
		4FBC00471D7433C800BF32D4 /* VolonteerAbstractChoose */ = {
			isa = PBXGroup;
			children = (
				4FBC00481D7433C800BF32D4 /* Selecting.h */,
				4FBC00491D7433C800BF32D4 /* VolonteerAbstractChooseTableViewController.h */,
				4FBC004A1D7433C800BF32D4 /* VolonteerAbstractChooseTableViewController.m */,
				4FBC004B1D7433C800BF32D4 /* VolonteerChooseTableViewCell.h */,
				4FBC004C1D7433C800BF32D4 /* VolonteerChooseTableViewCell.m */,
			);
			path = VolonteerAbstractChoose;
			sourceTree = "<group>";
		};
		4FBC004D1D7433C800BF32D4 /* VolonteerCategories */ = {
			isa = PBXGroup;
			children = (
				4FBC00501D7433C900BF32D4 /* VolonteerChooseEventCategoriesTableViewController.h */,
				4FBC00511D7433C900BF32D4 /* VolonteerChooseEventCategoriesTableViewController.m */,
				4FBC004E1D7433C800BF32D4 /* EventCategory+Selecting.h */,
				4FBC004F1D7433C900BF32D4 /* EventCategory+Selecting.m */,
			);
			path = VolonteerCategories;
			sourceTree = "<group>";
		};
		4FBC00521D7433C900BF32D4 /* VolonteerDates */ = {
			isa = PBXGroup;
			children = (
				4FBC00531D7433C900BF32D4 /* VolonteerChooseDatesTableViewController.h */,
				4FBC00541D7433C900BF32D4 /* VolonteerChooseDatesTableViewController.m */,
				4FBC00551D7433C900BF32D4 /* WeekDay+Selecting.h */,
				4FBC00561D7433C900BF32D4 /* WeekDay+Selecting.m */,
			);
			path = VolonteerDates;
			sourceTree = "<group>";
		};
		4FBC005B1D7433C900BF32D4 /* VolonteerRoles */ = {
			isa = PBXGroup;
			children = (
				4FBC005C1D7433C900BF32D4 /* VolonteerChooseRolesTableViewController.h */,
				4FBC005D1D7433C900BF32D4 /* VolonteerChooseRolesTableViewController.m */,
				4FBC005E1D7433C900BF32D4 /* VolonteerRole+Selecting.h */,
				4FBC005F1D7433C900BF32D4 /* VolonteerRole+Selecting.m */,
			);
			path = VolonteerRoles;
			sourceTree = "<group>";
		};
		4FBC006D1D7437E700BF32D4 /* CreateEventChooseCategory */ = {
			isa = PBXGroup;
			children = (
				4FBC006E1D74382800BF32D4 /* CreateEventChooseCategoryTableViewController.h */,
				4FBC006F1D74382800BF32D4 /* CreateEventChooseCategoryTableViewController.m */,
			);
			name = CreateEventChooseCategory;
			sourceTree = "<group>";
		};
		4FC1124D1DABAEB0009189D4 /* CSNPlaceholderTextView */ = {
			isa = PBXGroup;
			children = (
				4FC1124E1DABAEB0009189D4 /* CSNPlaceholderTextView.h */,
				4FC1124F1DABAEB0009189D4 /* CSNPlaceholderTextView.m */,
			);
			name = CSNPlaceholderTextView;
			path = Common/UI/CSNPlaceholderTextView;
			sourceTree = "<group>";
		};
		4FC4F4771D4A106200854283 /* RoundImageView */ = {
			isa = PBXGroup;
			children = (
				4FC4F4791D4A10D900854283 /* RoundImageView.h */,
				4FC4F47A1D4A10D900854283 /* RoundImageView.m */,
			);
			name = RoundImageView;
			sourceTree = "<group>";
		};
		4FC773921DACE38200DA9510 /* EventList */ = {
			isa = PBXGroup;
			children = (
				4FC773931DACE8D100DA9510 /* EventsCollectionViewController.h */,
				4FC773941DACE8D100DA9510 /* EventsCollectionViewController.m */,
				4F13F2E61DAFB3DB00350190 /* EventCollectionViewCell.h */,
				4F13F2E71DAFB3DB00350190 /* EventCollectionViewCell.m */,
				4FC773961DACF1C300DA9510 /* EventList.storyboard */,
			);
			name = EventList;
			sourceTree = "<group>";
		};
		4FCD28071D49FE8000C98C6A /* MainScreen */ = {
			isa = PBXGroup;
			children = (
				4FCD28081D49FEC300C98C6A /* MainViewController.h */,
				4FCD28091D49FEC300C98C6A /* MainViewController.m */,
				4FFB0AAA1D3F632400D20B8A /* Main.storyboard */,
				4F1914201DB4E2FF0098644E /* ContentRefreshing.h */,
			);
			name = MainScreen;
			sourceTree = "<group>";
		};
		4FCD280B1D4A0B7A00C98C6A /* Profile */ = {
			isa = PBXGroup;
			children = (
				4FC4F4771D4A106200854283 /* RoundImageView */,
				4FC4F4701D4A0BD300854283 /* Profile.storyboard */,
				4FC4F4751D4A0E0600854283 /* Profile.xcassets */,
			);
			name = Profile;
			sourceTree = "<group>";
		};
		4FDA5B7C1D6C524F005709C1 /* EqualityProxies */ = {
			isa = PBXGroup;
			children = (
				4FDA5B7D1D6C52D3005709C1 /* EventCategoryEqualityProxy.h */,
				4FDA5B7E1D6C52D3005709C1 /* EventCategoryEqualityProxy.m */,
				4FDA5B801D6C5667005709C1 /* VolonteerRoleEqualityProxy.h */,
				4FDA5B811D6C5667005709C1 /* VolonteerRoleEqualityProxy.m */,
				4FDA5B831D6C57B0005709C1 /* WeekDayEqualityProxy.h */,
				4FDA5B841D6C57B0005709C1 /* WeekDayEqualityProxy.m */,
				4FBB6B251D6D88F20050F652 /* EqualityProxyFactory.h */,
				4FBB6B261D6D88F20050F652 /* EqualityProxyFactory.m */,
				4FB1CC001D6ED8B5002879CD /* EqualityProxyProtocol.h */,
			);
			name = EqualityProxies;
			sourceTree = "<group>";
		};
		4FE194871D42016600708B49 /* Authorization */ = {
			isa = PBXGroup;
			children = (
				4FE194841D42016100708B49 /* LoginViewController.h */,
				4FE194851D42016100708B49 /* LoginViewController.m */,
				4FE194881D42029200708B49 /* LoginView.h */,
				4FE194891D42029200708B49 /* LoginView.m */,
			);
			name = Authorization;
			sourceTree = "<group>";
		};
		4FE1948B1D420A9700708B49 /* Common */ = {
			isa = PBXGroup;
			children = (
				4F7FEDD91DA7872D00F086B1 /* ImageResizer */,
				4F2F337E1D47433000F1F003 /* DataModel */,
				4FE1948F1D420AED00708B49 /* UI */,
			);
			name = Common;
			sourceTree = "<group>";
		};
		4FE1948F1D420AED00708B49 /* UI */ = {
			isa = PBXGroup;
			children = (
				4FC1124D1DABAEB0009189D4 /* CSNPlaceholderTextView */,
				4F2D4BF41DA3EAAB00E984F1 /* SimpleAlertController */,
				4FE1EE5A1D48C18E009170FB /* SimpleAlert */,
				4FE194941D420F8600708B49 /* RoundedButton */,
				4FE194901D420AF400708B49 /* RoundedTextField */,
				4F7FF8FA1D6AFB9A0057B60B /* CommonColorsImages.xcassets */,
			);
			name = UI;
			sourceTree = "<group>";
		};
		4FE194901D420AF400708B49 /* RoundedTextField */ = {
			isa = PBXGroup;
			children = (
				4FE1948C1D420AE900708B49 /* RoundedTextField.h */,
				4FE1948D1D420AE900708B49 /* RoundedTextField.m */,
			);
			name = RoundedTextField;
			sourceTree = "<group>";
		};
		4FE194941D420F8600708B49 /* RoundedButton */ = {
			isa = PBXGroup;
			children = (
				4FE194911D420F7E00708B49 /* RoundedButton.h */,
				4FE194921D420F7E00708B49 /* RoundedButton.m */,
			);
			name = RoundedButton;
			sourceTree = "<group>";
		};
		4FE194951D4212CC00708B49 /* Signup */ = {
			isa = PBXGroup;
			children = (
				4FE194971D42138C00708B49 /* SignupViewController.h */,
				4FE194981D42138C00708B49 /* SignupViewController.m */,
				4FE1949D1D422F4500708B49 /* SignupView.h */,
				4FE1949E1D422F4500708B49 /* SignupView.m */,
			);
			name = Signup;
			sourceTree = "<group>";
		};
		4FE194961D4212F800708B49 /* ForgotPassword */ = {
			isa = PBXGroup;
			children = (
				4FE1949A1D422BBE00708B49 /* ForgotPasswordViewController.h */,
				4FE1949B1D422BBE00708B49 /* ForgotPasswordViewController.m */,
			);
			name = ForgotPassword;
			sourceTree = "<group>";
		};
		4FE1EE5A1D48C18E009170FB /* SimpleAlert */ = {
			isa = PBXGroup;
			children = (
				4FE1EE5B1D48C25D009170FB /* UIAlertController+SimpleAlert.h */,
				4FE1EE5C1D48C25D009170FB /* UIAlertController+SimpleAlert.m */,
			);
			name = SimpleAlert;
			sourceTree = "<group>";
		};
		4FFB0A951D3F632400D20B8A = {
			isa = PBXGroup;
			children = (
				4FFB0AA01D3F632400D20B8A /* Cheday */,
				4FFB0A9F1D3F632400D20B8A /* Products */,
				4FFB0ABD1D3F676400D20B8A /* Frameworks */,
			);
			sourceTree = "<group>";
		};
		4FFB0A9F1D3F632400D20B8A /* Products */ = {
			isa = PBXGroup;
			children = (
				4FFB0A9E1D3F632400D20B8A /* Cheday.app */,
			);
			name = Products;
			sourceTree = "<group>";
		};
		4FFB0AA01D3F632400D20B8A /* Cheday */ = {
			isa = PBXGroup;
			children = (
				4F8ACE9D1D40D37E00593D00 /* LaunchImage */,
				4FE1948B1D420A9700708B49 /* Common */,
				4F7BFA241D40D4EE005BB78C /* Authorization */,
				4FCD28071D49FE8000C98C6A /* MainScreen */,
				4F796C971D4B6809009D0E6C /* Events */,
				4FCD280B1D4A0B7A00C98C6A /* Profile */,
				4FFB0AA41D3F632400D20B8A /* AppDelegate.h */,
				4FFB0AA51D3F632400D20B8A /* AppDelegate.m */,
				4FFB0AAD1D3F632400D20B8A /* Assets.xcassets */,
				4FFB0AB21D3F632400D20B8A /* Info.plist */,
				4FFB0AA11D3F632400D20B8A /* Supporting Files */,
			);
			path = Cheday;
			sourceTree = "<group>";
		};
		4FFB0AA11D3F632400D20B8A /* Supporting Files */ = {
			isa = PBXGroup;
			children = (
				4FFB0AA21D3F632400D20B8A /* main.m */,
			);
			name = "Supporting Files";
			sourceTree = "<group>";
		};
		4FFB0ABD1D3F676400D20B8A /* Frameworks */ = {
			isa = PBXGroup;
			children = (
				4F47ED651D51E83C00BE03C1 /* AFNetworking.framework */,
				4F8A08A31D509135004658DC /* Accounts.framework */,
				4F86B1EB1D54850E004A1DAB /* FBSDKCoreKit.framework */,
				4F86B1ED1D548A8F004A1DAB /* FBSDKLoginKit.framework */,
				4FBF890E1D3F894300C371A4 /* Bolts.framework */,
				4FBF890F1D3F894300C371A4 /* Parse.framework */,
				4FEF49E81D4F5787008277F3 /* ParseTwitterUtils.framework */,
				4FEF49E41D4F4EC2008277F3 /* ParseFacebookUtilsV4.framework */,
				4FFB0AB91D3F675700D20B8A /* Fabric.framework */,
				4FFB0ABA1D3F675700D20B8A /* Crashlytics.framework */,
				4F04DBA11D46241700105A3D /* IQKeyboardManager.framework */,
				4F9D54841D3F97D300A14739 /* CocoaLumberjack.framework */,
				4F943AB91D58847C00854183 /* BEMCheckBox.framework */,
			);
			name = Frameworks;
			sourceTree = "<group>";
		};
/* End PBXGroup section */

/* Begin PBXNativeTarget section */
		4FFB0A9D1D3F632400D20B8A /* Cheday */ = {
			isa = PBXNativeTarget;
			buildConfigurationList = 4FFB0AB51D3F632400D20B8A /* Build configuration list for PBXNativeTarget "Cheday" */;
			buildPhases = (
				4FFB0A9A1D3F632400D20B8A /* Sources */,
				4FFB0A9B1D3F632400D20B8A /* Frameworks */,
				4FFB0A9C1D3F632400D20B8A /* Resources */,
				4FA41D9F1D3F849B00F2A92A /* ShellScript */,
				4FFB0AB81D3F672700D20B8A /* ShellScript */,
			);
			buildRules = (
			);
			dependencies = (
			);
			name = Cheday;
			productName = Cheday;
			productReference = 4FFB0A9E1D3F632400D20B8A /* Cheday.app */;
			productType = "com.apple.product-type.application";
		};
/* End PBXNativeTarget section */

/* Begin PBXProject section */
		4FFB0A961D3F632400D20B8A /* Project object */ = {
			isa = PBXProject;
			attributes = {
				LastUpgradeCheck = 0800;
				ORGANIZATIONNAME = Cheday;
				TargetAttributes = {
					4FFB0A9D1D3F632400D20B8A = {
						CreatedOnToolsVersion = 7.2;
						DevelopmentTeam = 9KJGG96H6S;
					};
				};
			};
			buildConfigurationList = 4FFB0A991D3F632400D20B8A /* Build configuration list for PBXProject "Cheday" */;
			compatibilityVersion = "Xcode 3.2";
			developmentRegion = Russian;
			hasScannedForEncodings = 0;
			knownRegions = (
				Base,
				ru,
			);
			mainGroup = 4FFB0A951D3F632400D20B8A;
			productRefGroup = 4FFB0A9F1D3F632400D20B8A /* Products */;
			projectDirPath = "";
			projectRoot = "";
			targets = (
				4FFB0A9D1D3F632400D20B8A /* Cheday */,
			);
		};
/* End PBXProject section */

/* Begin PBXResourcesBuildPhase section */
		4FFB0A9C1D3F632400D20B8A /* Resources */ = {
			isa = PBXResourcesBuildPhase;
			buildActionMask = 2147483647;
			files = (
				4F7FF8FB1D6AFB9A0057B60B /* CommonColorsImages.xcassets in Resources */,
				4FFB0AB11D3F632400D20B8A /* LaunchScreen.storyboard in Resources */,
				4FFB0AAE1D3F632400D20B8A /* Assets.xcassets in Resources */,
				4F8ACE9F1D40D3DA00593D00 /* LaunchImage.xcassets in Resources */,
				4FB1CC061D6EF705002879CD /* CreateEvent.storyboard in Resources */,
				4F796C921D4B66B7009D0E6C /* Authorization.storyboard in Resources */,
				4FF956B81D40D9B900FB0242 /* AuthorizationAssets.xcassets in Resources */,
				4FC773971DACF1C300DA9510 /* EventList.storyboard in Resources */,
				4FF5DA801D9930D2008AF6C0 /* CreateEventTable.xcassets in Resources */,
				4FC4F4761D4A0E0600854283 /* Profile.xcassets in Resources */,
				4FC4F4711D4A0BD300854283 /* Profile.storyboard in Resources */,
				4FBC00611D7433C900BF32D4 /* BecomeVolonteer.xcassets in Resources */,
				4FBC00601D7433C900BF32D4 /* BecomeVolonteer.storyboard in Resources */,
				4FFB0AAC1D3F632400D20B8A /* Main.storyboard in Resources */,
			);
			runOnlyForDeploymentPostprocessing = 0;
		};
/* End PBXResourcesBuildPhase section */

/* Begin PBXShellScriptBuildPhase section */
		4FA41D9F1D3F849B00F2A92A /* ShellScript */ = {
			isa = PBXShellScriptBuildPhase;
			buildActionMask = 2147483647;
			files = (
			);
			inputPaths = (
				"$(SRCROOT)/Carthage/Build/iOS/Parse.framework",
				"$(SRCROOT)/Carthage/Build/iOS/Bolts.framework",
				"$(SRCROOT)/Carthage/Build/iOS/CocoaLumberjack.framework",
				"$(SRCROOT)/Carthage/Build/iOS/IQKeyboardManager.framework",
				"$(SRCROOT)/Carthage/Build/iOS/ParseTwitterUtils.framework",
				"$(SRCROOT)/Carthage/Build/iOS/AFNetworking.framework",
				"$(SRCROOT)/Carthage/Build/iOS/FBSDKCoreKit.framework",
				"$(SRCROOT)/Carthage/Build/iOS/FBSDKLoginKit.framework",
				"$(SRCROOT)/Carthage/Build/iOS/BEMCheckBox.framework",
			);
			outputPaths = (
			);
			runOnlyForDeploymentPostprocessing = 0;
			shellPath = /bin/sh;
			shellScript = "/usr/local/bin/carthage copy-frameworks\n";
		};
		4FFB0AB81D3F672700D20B8A /* ShellScript */ = {
			isa = PBXShellScriptBuildPhase;
			buildActionMask = 2147483647;
			files = (
			);
			inputPaths = (
			);
			outputPaths = (
			);
			runOnlyForDeploymentPostprocessing = 0;
			shellPath = /bin/sh;
			shellScript = "if [ \"${CONFIGURATION}\" != \"Debug\" ]; then\n    ./Fabric.framework/run 05338b542f417399f2f8677ce9f8277c2e44e440 70e7e15bef399462d39606d624c29ca864a169e8f6c4c01589564837cf67e84a\nfi";
		};
/* End PBXShellScriptBuildPhase section */

/* Begin PBXSourcesBuildPhase section */
		4FFB0A9A1D3F632400D20B8A /* Sources */ = {
			isa = PBXSourcesBuildPhase;
			buildActionMask = 2147483647;
			files = (
				4F7FEDDC1DA7876600F086B1 /* ImageResizer.m in Sources */,
				4FE1948A1D42029200708B49 /* LoginView.m in Sources */,
				4FBC00631D7433C900BF32D4 /* VolonteerAbstractChooseTableViewController.m in Sources */,
				4FBC006A1D7433C900BF32D4 /* VolonteerFormTableViewController.m in Sources */,
				4FBC003E1D741ADA00BF32D4 /* CreateEventTableViewController.m in Sources */,
				4FBC00691D7433C900BF32D4 /* VolonteerFormTableView.m in Sources */,
				4FBC006C1D7433C900BF32D4 /* VolonteerRole+Selecting.m in Sources */,
				4FBB6B271D6D88F20050F652 /* EqualityProxyFactory.m in Sources */,
				4FE1EE5D1D48C25D009170FB /* UIAlertController+SimpleAlert.m in Sources */,
				4FE194861D42016100708B49 /* LoginViewController.m in Sources */,
				4FE1949F1D422F4500708B49 /* SignupView.m in Sources */,
				4FE1948E1D420AE900708B49 /* RoundedTextField.m in Sources */,
				4FDA5B7F1D6C52D3005709C1 /* EventCategoryEqualityProxy.m in Sources */,
				4F2353B41D76EB360047E4A9 /* Event.m in Sources */,
				4FBABE901D67419B00ACAB74 /* VolonteerRole.m in Sources */,
				4FDA5B851D6C57B0005709C1 /* WeekDayEqualityProxy.m in Sources */,
				4FBC00671D7433C900BF32D4 /* VolonteerChooseDatesTableViewController.m in Sources */,
				4F7FF8F61D6AE1ED0057B60B /* WeekDay.m in Sources */,
				4FFB0AA61D3F632400D20B8A /* AppDelegate.m in Sources */,
				4FBC00701D74382800BF32D4 /* CreateEventChooseCategoryTableViewController.m in Sources */,
				4FBC006B1D7433C900BF32D4 /* VolonteerChooseRolesTableViewController.m in Sources */,
				4F2F33811D47436200F1F003 /* User.m in Sources */,
				4F13DA3D1D7971DA00C272D3 /* VolonteerRole+Counting.m in Sources */,
				4F2353B11D76D6FC0047E4A9 /* CreateEventChooseVolonteerRolesTableViewCell.m in Sources */,
				4FCD280A1D49FEC300C98C6A /* MainViewController.m in Sources */,
				4F15E3051D815B5400F520F8 /* VolonteerRoleWithCount.m in Sources */,
				4FBC00641D7433C900BF32D4 /* VolonteerChooseTableViewCell.m in Sources */,
				4FB1CC041D6EF6DA002879CD /* CreateEventViewController.m in Sources */,
				4FC112501DABAEB0009189D4 /* CSNPlaceholderTextView.m in Sources */,
				4F13F2E81DAFB3DB00350190 /* EventCollectionViewCell.m in Sources */,
				4FBC00621D7433C900BF32D4 /* BecomeVolonteerViewController.m in Sources */,
				4F2D4BF71DA3EADD00E984F1 /* SimpleAlertController.m in Sources */,
				4FBC00681D7433C900BF32D4 /* WeekDay+Selecting.m in Sources */,
				4FB88D0A1D61F4A700CDB4C8 /* EventCategory.m in Sources */,
				4FFB0AA31D3F632400D20B8A /* main.m in Sources */,
				4FE1949C1D422BBE00708B49 /* ForgotPasswordViewController.m in Sources */,
				4FE194991D42138C00708B49 /* SignupViewController.m in Sources */,
				4F86B1FC1D54A285004A1DAB /* ProfileUpdaterFromTwitter.m in Sources */,
				4FC773951DACE8D100DA9510 /* EventsCollectionViewController.m in Sources */,
				4FDA5B821D6C5667005709C1 /* VolonteerRoleEqualityProxy.m in Sources */,
				4FC4F47B1D4A10D900854283 /* RoundImageView.m in Sources */,
				4FC80B391D759502002C46D2 /* CreateEventTableViewCell.m in Sources */,
				4FBC00661D7433C900BF32D4 /* VolonteerChooseEventCategoriesTableViewController.m in Sources */,
				4F2353AE1D76D3E10047E4A9 /* CreateEventChooseVolonteerRolesTableViewController.m in Sources */,
				4F86B1FB1D54A285004A1DAB /* ProfileUpdaterFromFacebook.m in Sources */,
				4FE194931D420F7E00708B49 /* RoundedButton.m in Sources */,
				4FBC00651D7433C900BF32D4 /* EventCategory+Selecting.m in Sources */,
				4F5EF9E31D92A38A00371A8C /* CreateEventDateTableViewCell.m in Sources */,
			);
			runOnlyForDeploymentPostprocessing = 0;
		};
/* End PBXSourcesBuildPhase section */

/* Begin PBXVariantGroup section */
		4F796C941D4B66B7009D0E6C /* Authorization.storyboard */ = {
			isa = PBXVariantGroup;
			children = (
				4F796C931D4B66B7009D0E6C /* Base */,
			);
			name = Authorization.storyboard;
			path = Authorization;
			sourceTree = "<group>";
		};
		4FFB0AAA1D3F632400D20B8A /* Main.storyboard */ = {
			isa = PBXVariantGroup;
			children = (
				4FFB0AAB1D3F632400D20B8A /* Base */,
			);
			name = Main.storyboard;
			sourceTree = "<group>";
		};
		4FFB0AAF1D3F632400D20B8A /* LaunchScreen.storyboard */ = {
			isa = PBXVariantGroup;
			children = (
				4FFB0AB01D3F632400D20B8A /* Base */,
			);
			name = LaunchScreen.storyboard;
			sourceTree = "<group>";
		};
/* End PBXVariantGroup section */

/* Begin XCBuildConfiguration section */
		4FFB0AB31D3F632400D20B8A /* Debug */ = {
			isa = XCBuildConfiguration;
			buildSettings = {
				ALWAYS_SEARCH_USER_PATHS = NO;
				CLANG_CXX_LANGUAGE_STANDARD = "gnu++0x";
				CLANG_CXX_LIBRARY = "libc++";
				CLANG_ENABLE_MODULES = YES;
				CLANG_ENABLE_OBJC_ARC = YES;
				CLANG_WARN_BOOL_CONVERSION = YES;
				CLANG_WARN_CONSTANT_CONVERSION = YES;
				CLANG_WARN_DIRECT_OBJC_ISA_USAGE = YES_ERROR;
				CLANG_WARN_EMPTY_BODY = YES;
				CLANG_WARN_ENUM_CONVERSION = YES;
				CLANG_WARN_INFINITE_RECURSION = YES;
				CLANG_WARN_INT_CONVERSION = YES;
				CLANG_WARN_OBJC_ROOT_CLASS = YES_ERROR;
				CLANG_WARN_SUSPICIOUS_MOVE = YES;
				CLANG_WARN_UNREACHABLE_CODE = YES;
				CLANG_WARN__DUPLICATE_METHOD_MATCH = YES;
				"CODE_SIGN_IDENTITY[sdk=iphoneos*]" = "iPhone Developer";
				COPY_PHASE_STRIP = NO;
				DEBUG_INFORMATION_FORMAT = dwarf;
				ENABLE_STRICT_OBJC_MSGSEND = YES;
				ENABLE_TESTABILITY = YES;
				GCC_C_LANGUAGE_STANDARD = gnu99;
				GCC_DYNAMIC_NO_PIC = NO;
				GCC_NO_COMMON_BLOCKS = YES;
				GCC_OPTIMIZATION_LEVEL = 0;
				GCC_PREPROCESSOR_DEFINITIONS = (
					"DEBUG=1",
					"$(inherited)",
				);
				GCC_WARN_64_TO_32_BIT_CONVERSION = YES;
				GCC_WARN_ABOUT_RETURN_TYPE = YES_ERROR;
				GCC_WARN_UNDECLARED_SELECTOR = YES;
				GCC_WARN_UNINITIALIZED_AUTOS = YES_AGGRESSIVE;
				GCC_WARN_UNUSED_FUNCTION = YES;
				GCC_WARN_UNUSED_VARIABLE = YES;
				IPHONEOS_DEPLOYMENT_TARGET = 9.2;
				MTL_ENABLE_DEBUG_INFO = YES;
				ONLY_ACTIVE_ARCH = YES;
				SDKROOT = iphoneos;
			};
			name = Debug;
		};
		4FFB0AB41D3F632400D20B8A /* Release */ = {
			isa = XCBuildConfiguration;
			buildSettings = {
				ALWAYS_SEARCH_USER_PATHS = NO;
				CLANG_CXX_LANGUAGE_STANDARD = "gnu++0x";
				CLANG_CXX_LIBRARY = "libc++";
				CLANG_ENABLE_MODULES = YES;
				CLANG_ENABLE_OBJC_ARC = YES;
				CLANG_WARN_BOOL_CONVERSION = YES;
				CLANG_WARN_CONSTANT_CONVERSION = YES;
				CLANG_WARN_DIRECT_OBJC_ISA_USAGE = YES_ERROR;
				CLANG_WARN_EMPTY_BODY = YES;
				CLANG_WARN_ENUM_CONVERSION = YES;
				CLANG_WARN_INFINITE_RECURSION = YES;
				CLANG_WARN_INT_CONVERSION = YES;
				CLANG_WARN_OBJC_ROOT_CLASS = YES_ERROR;
				CLANG_WARN_SUSPICIOUS_MOVE = YES;
				CLANG_WARN_UNREACHABLE_CODE = YES;
				CLANG_WARN__DUPLICATE_METHOD_MATCH = YES;
				"CODE_SIGN_IDENTITY[sdk=iphoneos*]" = "iPhone Developer";
				COPY_PHASE_STRIP = NO;
				DEBUG_INFORMATION_FORMAT = "dwarf-with-dsym";
				ENABLE_NS_ASSERTIONS = NO;
				ENABLE_STRICT_OBJC_MSGSEND = YES;
				GCC_C_LANGUAGE_STANDARD = gnu99;
				GCC_NO_COMMON_BLOCKS = YES;
				GCC_WARN_64_TO_32_BIT_CONVERSION = YES;
				GCC_WARN_ABOUT_RETURN_TYPE = YES_ERROR;
				GCC_WARN_UNDECLARED_SELECTOR = YES;
				GCC_WARN_UNINITIALIZED_AUTOS = YES_AGGRESSIVE;
				GCC_WARN_UNUSED_FUNCTION = YES;
				GCC_WARN_UNUSED_VARIABLE = YES;
				IPHONEOS_DEPLOYMENT_TARGET = 9.2;
				MTL_ENABLE_DEBUG_INFO = NO;
				SDKROOT = iphoneos;
				VALIDATE_PRODUCT = YES;
			};
			name = Release;
		};
		4FFB0AB61D3F632400D20B8A /* Debug */ = {
			isa = XCBuildConfiguration;
			buildSettings = {
				ASSETCATALOG_COMPILER_APPICON_NAME = AppIcon;
				CLANG_ALLOW_NON_MODULAR_INCLUDES_IN_FRAMEWORK_MODULES = NO;
				CODE_SIGN_IDENTITY = "iPhone Developer";
				"CODE_SIGN_IDENTITY[sdk=iphoneos*]" = "iPhone Developer";
				FRAMEWORK_SEARCH_PATHS = (
					"$(inherited)",
					"$(PROJECT_DIR)",
					"$(SRCROOT)/Carthage/Build/iOS/",
					"$(PROJECT_DIR)/Carthage/Build/iOS",
				);
				GCC_TREAT_INCOMPATIBLE_POINTER_TYPE_WARNINGS_AS_ERRORS = YES;
				GCC_TREAT_WARNINGS_AS_ERRORS = YES;
				INFOPLIST_FILE = Cheday/Info.plist;
				LD_RUNPATH_SEARCH_PATHS = "$(inherited) @executable_path/Frameworks";
				PRODUCT_BUNDLE_IDENTIFIER = org.cheday.Cheday;
				PRODUCT_NAME = "$(TARGET_NAME)";
				PROVISIONING_PROFILE = "";
			};
			name = Debug;
		};
		4FFB0AB71D3F632400D20B8A /* Release */ = {
			isa = XCBuildConfiguration;
			buildSettings = {
				ASSETCATALOG_COMPILER_APPICON_NAME = AppIcon;
				CLANG_ALLOW_NON_MODULAR_INCLUDES_IN_FRAMEWORK_MODULES = NO;
				CODE_SIGN_IDENTITY = "iPhone Developer";
				"CODE_SIGN_IDENTITY[sdk=iphoneos*]" = "iPhone Developer";
				FRAMEWORK_SEARCH_PATHS = (
					"$(inherited)",
					"$(PROJECT_DIR)",
					"$(SRCROOT)/Carthage/Build/iOS/",
					"$(PROJECT_DIR)/Carthage/Build/iOS",
				);
				GCC_TREAT_INCOMPATIBLE_POINTER_TYPE_WARNINGS_AS_ERRORS = YES;
				GCC_TREAT_WARNINGS_AS_ERRORS = YES;
				INFOPLIST_FILE = Cheday/Info.plist;
				LD_RUNPATH_SEARCH_PATHS = "$(inherited) @executable_path/Frameworks";
				PRODUCT_BUNDLE_IDENTIFIER = org.cheday.Cheday;
				PRODUCT_NAME = "$(TARGET_NAME)";
				PROVISIONING_PROFILE = "";
			};
			name = Release;
		};
/* End XCBuildConfiguration section */

/* Begin XCConfigurationList section */
		4FFB0A991D3F632400D20B8A /* Build configuration list for PBXProject "Cheday" */ = {
			isa = XCConfigurationList;
			buildConfigurations = (
				4FFB0AB31D3F632400D20B8A /* Debug */,
				4FFB0AB41D3F632400D20B8A /* Release */,
			);
			defaultConfigurationIsVisible = 0;
			defaultConfigurationName = Release;
		};
		4FFB0AB51D3F632400D20B8A /* Build configuration list for PBXNativeTarget "Cheday" */ = {
			isa = XCConfigurationList;
			buildConfigurations = (
				4FFB0AB61D3F632400D20B8A /* Debug */,
				4FFB0AB71D3F632400D20B8A /* Release */,
			);
			defaultConfigurationIsVisible = 0;
			defaultConfigurationName = Release;
		};
/* End XCConfigurationList section */
	};
	rootObject = 4FFB0A961D3F632400D20B8A /* Project object */;
}
