// !$*UTF8*$!
{
	archiveVersion = 1;
	classes = {
	};
	objectVersion = 46;
	objects = {

/* Begin PBXBuildFile section */
		4F04DBA21D46241700105A3D /* IQKeyboardManager.framework in Frameworks */ = {isa = PBXBuildFile; fileRef = 4F04DBA11D46241700105A3D /* IQKeyboardManager.framework */; };
		4F2F33811D47436200F1F003 /* User.m in Sources */ = {isa = PBXBuildFile; fileRef = 4F2F33801D47436200F1F003 /* User.m */; };
		4F47ED661D51E83C00BE03C1 /* AFNetworking.framework in Frameworks */ = {isa = PBXBuildFile; fileRef = 4F47ED651D51E83C00BE03C1 /* AFNetworking.framework */; };
		4F796C921D4B66B7009D0E6C /* Authorization.storyboard in Resources */ = {isa = PBXBuildFile; fileRef = 4F796C941D4B66B7009D0E6C /* Authorization.storyboard */; };
		4F86B1EC1D54850E004A1DAB /* FBSDKCoreKit.framework in Frameworks */ = {isa = PBXBuildFile; fileRef = 4F86B1EB1D54850E004A1DAB /* FBSDKCoreKit.framework */; };
		4F86B1EE1D548A8F004A1DAB /* FBSDKLoginKit.framework in Frameworks */ = {isa = PBXBuildFile; fileRef = 4F86B1ED1D548A8F004A1DAB /* FBSDKLoginKit.framework */; };
		4F86B1FB1D54A285004A1DAB /* ProfileUpdaterFromFacebook.m in Sources */ = {isa = PBXBuildFile; fileRef = 4F86B1F71D54A285004A1DAB /* ProfileUpdaterFromFacebook.m */; };
		4F86B1FC1D54A285004A1DAB /* ProfileUpdaterFromTwitter.m in Sources */ = {isa = PBXBuildFile; fileRef = 4F86B1FA1D54A285004A1DAB /* ProfileUpdaterFromTwitter.m */; };
		4F8ACE9F1D40D3DA00593D00 /* LaunchImage.xcassets in Resources */ = {isa = PBXBuildFile; fileRef = 4F8ACE9E1D40D3DA00593D00 /* LaunchImage.xcassets */; };
		4F9D54851D3F97D300A14739 /* CocoaLumberjack.framework in Frameworks */ = {isa = PBXBuildFile; fileRef = 4F9D54841D3F97D300A14739 /* CocoaLumberjack.framework */; };
		4FBF89101D3F894300C371A4 /* Bolts.framework in Frameworks */ = {isa = PBXBuildFile; fileRef = 4FBF890E1D3F894300C371A4 /* Bolts.framework */; };
		4FBF89111D3F894300C371A4 /* Parse.framework in Frameworks */ = {isa = PBXBuildFile; fileRef = 4FBF890F1D3F894300C371A4 /* Parse.framework */; };
		4FC4F4711D4A0BD300854283 /* Profile.storyboard in Resources */ = {isa = PBXBuildFile; fileRef = 4FC4F4701D4A0BD300854283 /* Profile.storyboard */; };
		4FC4F4741D4A0C5A00854283 /* ProfileNameAndPhotoViewController.m in Sources */ = {isa = PBXBuildFile; fileRef = 4FC4F4731D4A0C5A00854283 /* ProfileNameAndPhotoViewController.m */; };
		4FC4F4761D4A0E0600854283 /* Profile.xcassets in Resources */ = {isa = PBXBuildFile; fileRef = 4FC4F4751D4A0E0600854283 /* Profile.xcassets */; };
		4FC4F47B1D4A10D900854283 /* RoundImageView.m in Sources */ = {isa = PBXBuildFile; fileRef = 4FC4F47A1D4A10D900854283 /* RoundImageView.m */; };
		4FCD280A1D49FEC300C98C6A /* MainViewController.m in Sources */ = {isa = PBXBuildFile; fileRef = 4FCD28091D49FEC300C98C6A /* MainViewController.m */; };
		4FE194861D42016100708B49 /* LoginViewController.m in Sources */ = {isa = PBXBuildFile; fileRef = 4FE194851D42016100708B49 /* LoginViewController.m */; };
		4FE1948A1D42029200708B49 /* LoginView.m in Sources */ = {isa = PBXBuildFile; fileRef = 4FE194891D42029200708B49 /* LoginView.m */; };
		4FE1948E1D420AE900708B49 /* RoundedTextField.m in Sources */ = {isa = PBXBuildFile; fileRef = 4FE1948D1D420AE900708B49 /* RoundedTextField.m */; };
		4FE194931D420F7E00708B49 /* RoundedButton.m in Sources */ = {isa = PBXBuildFile; fileRef = 4FE194921D420F7E00708B49 /* RoundedButton.m */; };
		4FE194991D42138C00708B49 /* SignupViewController.m in Sources */ = {isa = PBXBuildFile; fileRef = 4FE194981D42138C00708B49 /* SignupViewController.m */; };
		4FE1949C1D422BBE00708B49 /* ForgotPasswordViewController.m in Sources */ = {isa = PBXBuildFile; fileRef = 4FE1949B1D422BBE00708B49 /* ForgotPasswordViewController.m */; };
		4FE1949F1D422F4500708B49 /* SignupView.m in Sources */ = {isa = PBXBuildFile; fileRef = 4FE1949E1D422F4500708B49 /* SignupView.m */; };
		4FE1EE5D1D48C25D009170FB /* UIAlertController+SimpleAlert.m in Sources */ = {isa = PBXBuildFile; fileRef = 4FE1EE5C1D48C25D009170FB /* UIAlertController+SimpleAlert.m */; };
		4FEF49E51D4F4EC2008277F3 /* ParseFacebookUtilsV4.framework in Frameworks */ = {isa = PBXBuildFile; fileRef = 4FEF49E41D4F4EC2008277F3 /* ParseFacebookUtilsV4.framework */; };
		4FEF49E91D4F5787008277F3 /* ParseTwitterUtils.framework in Frameworks */ = {isa = PBXBuildFile; fileRef = 4FEF49E81D4F5787008277F3 /* ParseTwitterUtils.framework */; };
		4FF956B81D40D9B900FB0242 /* AuthorizationAssets.xcassets in Resources */ = {isa = PBXBuildFile; fileRef = 4FF956B71D40D9B900FB0242 /* AuthorizationAssets.xcassets */; };
		4FFB0AA31D3F632400D20B8A /* main.m in Sources */ = {isa = PBXBuildFile; fileRef = 4FFB0AA21D3F632400D20B8A /* main.m */; };
		4FFB0AA61D3F632400D20B8A /* AppDelegate.m in Sources */ = {isa = PBXBuildFile; fileRef = 4FFB0AA51D3F632400D20B8A /* AppDelegate.m */; };
		4FFB0AAC1D3F632400D20B8A /* Main.storyboard in Resources */ = {isa = PBXBuildFile; fileRef = 4FFB0AAA1D3F632400D20B8A /* Main.storyboard */; };
		4FFB0AAE1D3F632400D20B8A /* Assets.xcassets in Resources */ = {isa = PBXBuildFile; fileRef = 4FFB0AAD1D3F632400D20B8A /* Assets.xcassets */; };
		4FFB0AB11D3F632400D20B8A /* LaunchScreen.storyboard in Resources */ = {isa = PBXBuildFile; fileRef = 4FFB0AAF1D3F632400D20B8A /* LaunchScreen.storyboard */; };
		4FFB0ABB1D3F675700D20B8A /* Fabric.framework in Frameworks */ = {isa = PBXBuildFile; fileRef = 4FFB0AB91D3F675700D20B8A /* Fabric.framework */; };
		4FFB0ABC1D3F675700D20B8A /* Crashlytics.framework in Frameworks */ = {isa = PBXBuildFile; fileRef = 4FFB0ABA1D3F675700D20B8A /* Crashlytics.framework */; };
/* End PBXBuildFile section */

/* Begin PBXFileReference section */
		4F04DBA11D46241700105A3D /* IQKeyboardManager.framework */ = {isa = PBXFileReference; lastKnownFileType = wrapper.framework; name = IQKeyboardManager.framework; path = Carthage/Build/iOS/IQKeyboardManager.framework; sourceTree = "<group>"; };
		4F2F337F1D47436200F1F003 /* User.h */ = {isa = PBXFileReference; fileEncoding = 4; lastKnownFileType = sourcecode.c.h; name = User.h; path = Common/DataModel/User.h; sourceTree = "<group>"; };
		4F2F33801D47436200F1F003 /* User.m */ = {isa = PBXFileReference; fileEncoding = 4; lastKnownFileType = sourcecode.c.objc; name = User.m; path = Common/DataModel/User.m; sourceTree = "<group>"; };
		4F47ED651D51E83C00BE03C1 /* AFNetworking.framework */ = {isa = PBXFileReference; lastKnownFileType = wrapper.framework; name = AFNetworking.framework; path = Carthage/Build/iOS/AFNetworking.framework; sourceTree = "<group>"; };
		4F796C931D4B66B7009D0E6C /* Base */ = {isa = PBXFileReference; lastKnownFileType = file.storyboard; name = Base; path = Base.lproj/Authorization.storyboard; sourceTree = "<group>"; };
		4F86B1EB1D54850E004A1DAB /* FBSDKCoreKit.framework */ = {isa = PBXFileReference; lastKnownFileType = wrapper.framework; name = FBSDKCoreKit.framework; path = Carthage/Build/iOS/FBSDKCoreKit.framework; sourceTree = "<group>"; };
		4F86B1ED1D548A8F004A1DAB /* FBSDKLoginKit.framework */ = {isa = PBXFileReference; lastKnownFileType = wrapper.framework; name = FBSDKLoginKit.framework; path = Carthage/Build/iOS/FBSDKLoginKit.framework; sourceTree = "<group>"; };
		4F86B1F41D54A21C004A1DAB /* ProfileUpdaterProtocol.h */ = {isa = PBXFileReference; fileEncoding = 4; lastKnownFileType = sourcecode.c.h; name = ProfileUpdaterProtocol.h; path = Authorization/ProfileUpdaters/ProfileUpdaterProtocol.h; sourceTree = "<group>"; };
		4F86B1F61D54A285004A1DAB /* ProfileUpdaterFromFacebook.h */ = {isa = PBXFileReference; fileEncoding = 4; lastKnownFileType = sourcecode.c.h; path = ProfileUpdaterFromFacebook.h; sourceTree = "<group>"; };
		4F86B1F71D54A285004A1DAB /* ProfileUpdaterFromFacebook.m */ = {isa = PBXFileReference; fileEncoding = 4; lastKnownFileType = sourcecode.c.objc; path = ProfileUpdaterFromFacebook.m; sourceTree = "<group>"; };
		4F86B1F91D54A285004A1DAB /* ProfileUpdaterFromTwitter.h */ = {isa = PBXFileReference; fileEncoding = 4; lastKnownFileType = sourcecode.c.h; path = ProfileUpdaterFromTwitter.h; sourceTree = "<group>"; };
		4F86B1FA1D54A285004A1DAB /* ProfileUpdaterFromTwitter.m */ = {isa = PBXFileReference; fileEncoding = 4; lastKnownFileType = sourcecode.c.objc; path = ProfileUpdaterFromTwitter.m; sourceTree = "<group>"; };
		4F8A08A31D509135004658DC /* Accounts.framework */ = {isa = PBXFileReference; lastKnownFileType = wrapper.framework; name = Accounts.framework; path = System/Library/Frameworks/Accounts.framework; sourceTree = SDKROOT; };
		4F8ACE9E1D40D3DA00593D00 /* LaunchImage.xcassets */ = {isa = PBXFileReference; lastKnownFileType = folder.assetcatalog; name = LaunchImage.xcassets; path = LaunchImage/LaunchImage.xcassets; sourceTree = "<group>"; };
		4F9D54841D3F97D300A14739 /* CocoaLumberjack.framework */ = {isa = PBXFileReference; lastKnownFileType = wrapper.framework; name = CocoaLumberjack.framework; path = Carthage/Build/iOS/CocoaLumberjack.framework; sourceTree = "<group>"; };
		4FBF890E1D3F894300C371A4 /* Bolts.framework */ = {isa = PBXFileReference; lastKnownFileType = wrapper.framework; name = Bolts.framework; path = Carthage/Build/iOS/Bolts.framework; sourceTree = "<group>"; };
		4FBF890F1D3F894300C371A4 /* Parse.framework */ = {isa = PBXFileReference; lastKnownFileType = wrapper.framework; name = Parse.framework; path = Carthage/Build/iOS/Parse.framework; sourceTree = "<group>"; };
		4FC4F4701D4A0BD300854283 /* Profile.storyboard */ = {isa = PBXFileReference; fileEncoding = 4; lastKnownFileType = file.storyboard; name = Profile.storyboard; path = Profile/Profile.storyboard; sourceTree = "<group>"; };
		4FC4F4721D4A0C5A00854283 /* ProfileNameAndPhotoViewController.h */ = {isa = PBXFileReference; fileEncoding = 4; lastKnownFileType = sourcecode.c.h; name = ProfileNameAndPhotoViewController.h; path = Profile/ProfileNameAndPhoto/ProfileNameAndPhotoViewController.h; sourceTree = "<group>"; };
		4FC4F4731D4A0C5A00854283 /* ProfileNameAndPhotoViewController.m */ = {isa = PBXFileReference; fileEncoding = 4; lastKnownFileType = sourcecode.c.objc; name = ProfileNameAndPhotoViewController.m; path = Profile/ProfileNameAndPhoto/ProfileNameAndPhotoViewController.m; sourceTree = "<group>"; };
		4FC4F4751D4A0E0600854283 /* Profile.xcassets */ = {isa = PBXFileReference; lastKnownFileType = folder.assetcatalog; name = Profile.xcassets; path = Profile/Profile.xcassets; sourceTree = "<group>"; };
		4FC4F4791D4A10D900854283 /* RoundImageView.h */ = {isa = PBXFileReference; fileEncoding = 4; lastKnownFileType = sourcecode.c.h; name = RoundImageView.h; path = Profile/RoundImageView/RoundImageView.h; sourceTree = "<group>"; };
		4FC4F47A1D4A10D900854283 /* RoundImageView.m */ = {isa = PBXFileReference; fileEncoding = 4; lastKnownFileType = sourcecode.c.objc; name = RoundImageView.m; path = Profile/RoundImageView/RoundImageView.m; sourceTree = "<group>"; };
		4FCD28081D49FEC300C98C6A /* MainViewController.h */ = {isa = PBXFileReference; fileEncoding = 4; lastKnownFileType = sourcecode.c.h; name = MainViewController.h; path = MainScreen/MainViewController.h; sourceTree = "<group>"; };
		4FCD28091D49FEC300C98C6A /* MainViewController.m */ = {isa = PBXFileReference; fileEncoding = 4; lastKnownFileType = sourcecode.c.objc; name = MainViewController.m; path = MainScreen/MainViewController.m; sourceTree = "<group>"; };
		4FE194841D42016100708B49 /* LoginViewController.h */ = {isa = PBXFileReference; fileEncoding = 4; lastKnownFileType = sourcecode.c.h; name = LoginViewController.h; path = Authorization/Authorization/LoginViewController.h; sourceTree = "<group>"; };
		4FE194851D42016100708B49 /* LoginViewController.m */ = {isa = PBXFileReference; fileEncoding = 4; lastKnownFileType = sourcecode.c.objc; name = LoginViewController.m; path = Authorization/Authorization/LoginViewController.m; sourceTree = "<group>"; };
		4FE194881D42029200708B49 /* LoginView.h */ = {isa = PBXFileReference; fileEncoding = 4; lastKnownFileType = sourcecode.c.h; name = LoginView.h; path = Authorization/Authorization/LoginView.h; sourceTree = "<group>"; };
		4FE194891D42029200708B49 /* LoginView.m */ = {isa = PBXFileReference; fileEncoding = 4; lastKnownFileType = sourcecode.c.objc; name = LoginView.m; path = Authorization/Authorization/LoginView.m; sourceTree = "<group>"; };
		4FE1948C1D420AE900708B49 /* RoundedTextField.h */ = {isa = PBXFileReference; fileEncoding = 4; lastKnownFileType = sourcecode.c.h; name = RoundedTextField.h; path = Common/UI/RoundedTextFiled/RoundedTextField.h; sourceTree = "<group>"; };
		4FE1948D1D420AE900708B49 /* RoundedTextField.m */ = {isa = PBXFileReference; fileEncoding = 4; lastKnownFileType = sourcecode.c.objc; name = RoundedTextField.m; path = Common/UI/RoundedTextFiled/RoundedTextField.m; sourceTree = "<group>"; };
		4FE194911D420F7E00708B49 /* RoundedButton.h */ = {isa = PBXFileReference; fileEncoding = 4; lastKnownFileType = sourcecode.c.h; name = RoundedButton.h; path = Common/UI/RoundedButton/RoundedButton.h; sourceTree = "<group>"; };
		4FE194921D420F7E00708B49 /* RoundedButton.m */ = {isa = PBXFileReference; fileEncoding = 4; lastKnownFileType = sourcecode.c.objc; name = RoundedButton.m; path = Common/UI/RoundedButton/RoundedButton.m; sourceTree = "<group>"; };
		4FE194971D42138C00708B49 /* SignupViewController.h */ = {isa = PBXFileReference; fileEncoding = 4; lastKnownFileType = sourcecode.c.h; name = SignupViewController.h; path = Authorization/Signup/SignupViewController.h; sourceTree = "<group>"; };
		4FE194981D42138C00708B49 /* SignupViewController.m */ = {isa = PBXFileReference; fileEncoding = 4; lastKnownFileType = sourcecode.c.objc; name = SignupViewController.m; path = Authorization/Signup/SignupViewController.m; sourceTree = "<group>"; };
		4FE1949A1D422BBE00708B49 /* ForgotPasswordViewController.h */ = {isa = PBXFileReference; fileEncoding = 4; lastKnownFileType = sourcecode.c.h; name = ForgotPasswordViewController.h; path = Authorization/ForgotPassword/ForgotPasswordViewController.h; sourceTree = "<group>"; };
		4FE1949B1D422BBE00708B49 /* ForgotPasswordViewController.m */ = {isa = PBXFileReference; fileEncoding = 4; lastKnownFileType = sourcecode.c.objc; name = ForgotPasswordViewController.m; path = Authorization/ForgotPassword/ForgotPasswordViewController.m; sourceTree = "<group>"; };
		4FE1949D1D422F4500708B49 /* SignupView.h */ = {isa = PBXFileReference; fileEncoding = 4; lastKnownFileType = sourcecode.c.h; name = SignupView.h; path = Authorization/Signup/SignupView.h; sourceTree = "<group>"; };
		4FE1949E1D422F4500708B49 /* SignupView.m */ = {isa = PBXFileReference; fileEncoding = 4; lastKnownFileType = sourcecode.c.objc; name = SignupView.m; path = Authorization/Signup/SignupView.m; sourceTree = "<group>"; };
		4FE1EE5B1D48C25D009170FB /* UIAlertController+SimpleAlert.h */ = {isa = PBXFileReference; fileEncoding = 4; lastKnownFileType = sourcecode.c.h; name = "UIAlertController+SimpleAlert.h"; path = "Common/UI/SimpleAlert/UIAlertController+SimpleAlert.h"; sourceTree = "<group>"; };
		4FE1EE5C1D48C25D009170FB /* UIAlertController+SimpleAlert.m */ = {isa = PBXFileReference; fileEncoding = 4; lastKnownFileType = sourcecode.c.objc; name = "UIAlertController+SimpleAlert.m"; path = "Common/UI/SimpleAlert/UIAlertController+SimpleAlert.m"; sourceTree = "<group>"; };
		4FEF49E41D4F4EC2008277F3 /* ParseFacebookUtilsV4.framework */ = {isa = PBXFileReference; lastKnownFileType = wrapper.framework; path = ParseFacebookUtilsV4.framework; sourceTree = "<group>"; };
		4FEF49E81D4F5787008277F3 /* ParseTwitterUtils.framework */ = {isa = PBXFileReference; lastKnownFileType = wrapper.framework; name = ParseTwitterUtils.framework; path = Carthage/Build/iOS/ParseTwitterUtils.framework; sourceTree = "<group>"; };
		4FF956B71D40D9B900FB0242 /* AuthorizationAssets.xcassets */ = {isa = PBXFileReference; lastKnownFileType = folder.assetcatalog; name = AuthorizationAssets.xcassets; path = Authorization/AuthorizationAssets.xcassets; sourceTree = "<group>"; };
		4FFB0A9E1D3F632400D20B8A /* Cheday.app */ = {isa = PBXFileReference; explicitFileType = wrapper.application; includeInIndex = 0; path = Cheday.app; sourceTree = BUILT_PRODUCTS_DIR; };
		4FFB0AA21D3F632400D20B8A /* main.m */ = {isa = PBXFileReference; lastKnownFileType = sourcecode.c.objc; path = main.m; sourceTree = "<group>"; };
		4FFB0AA41D3F632400D20B8A /* AppDelegate.h */ = {isa = PBXFileReference; lastKnownFileType = sourcecode.c.h; path = AppDelegate.h; sourceTree = "<group>"; };
		4FFB0AA51D3F632400D20B8A /* AppDelegate.m */ = {isa = PBXFileReference; lastKnownFileType = sourcecode.c.objc; path = AppDelegate.m; sourceTree = "<group>"; };
		4FFB0AAB1D3F632400D20B8A /* Base */ = {isa = PBXFileReference; lastKnownFileType = file.storyboard; name = Base; path = Base.lproj/Main.storyboard; sourceTree = "<group>"; };
		4FFB0AAD1D3F632400D20B8A /* Assets.xcassets */ = {isa = PBXFileReference; lastKnownFileType = folder.assetcatalog; path = Assets.xcassets; sourceTree = "<group>"; };
		4FFB0AB01D3F632400D20B8A /* Base */ = {isa = PBXFileReference; lastKnownFileType = file.storyboard; name = Base; path = Base.lproj/LaunchScreen.storyboard; sourceTree = "<group>"; };
		4FFB0AB21D3F632400D20B8A /* Info.plist */ = {isa = PBXFileReference; lastKnownFileType = text.plist.xml; path = Info.plist; sourceTree = "<group>"; };
		4FFB0AB91D3F675700D20B8A /* Fabric.framework */ = {isa = PBXFileReference; lastKnownFileType = wrapper.framework; path = Fabric.framework; sourceTree = "<group>"; };
		4FFB0ABA1D3F675700D20B8A /* Crashlytics.framework */ = {isa = PBXFileReference; lastKnownFileType = wrapper.framework; path = Crashlytics.framework; sourceTree = "<group>"; };
/* End PBXFileReference section */

/* Begin PBXFrameworksBuildPhase section */
		4FFB0A9B1D3F632400D20B8A /* Frameworks */ = {
			isa = PBXFrameworksBuildPhase;
			buildActionMask = 2147483647;
			files = (
				4FBF89101D3F894300C371A4 /* Bolts.framework in Frameworks */,
				4FBF89111D3F894300C371A4 /* Parse.framework in Frameworks */,
				4FEF49E51D4F4EC2008277F3 /* ParseFacebookUtilsV4.framework in Frameworks */,
				4F9D54851D3F97D300A14739 /* CocoaLumberjack.framework in Frameworks */,
				4FFB0ABC1D3F675700D20B8A /* Crashlytics.framework in Frameworks */,
				4F86B1EC1D54850E004A1DAB /* FBSDKCoreKit.framework in Frameworks */,
				4FFB0ABB1D3F675700D20B8A /* Fabric.framework in Frameworks */,
				4FEF49E91D4F5787008277F3 /* ParseTwitterUtils.framework in Frameworks */,
				4F86B1EE1D548A8F004A1DAB /* FBSDKLoginKit.framework in Frameworks */,
				4F47ED661D51E83C00BE03C1 /* AFNetworking.framework in Frameworks */,
				4F04DBA21D46241700105A3D /* IQKeyboardManager.framework in Frameworks */,
			);
			runOnlyForDeploymentPostprocessing = 0;
		};
/* End PBXFrameworksBuildPhase section */

/* Begin PBXGroup section */
		4F2F337E1D47433000F1F003 /* DataModel */ = {
			isa = PBXGroup;
			children = (
				4F2F337F1D47436200F1F003 /* User.h */,
				4F2F33801D47436200F1F003 /* User.m */,
			);
			name = DataModel;
			sourceTree = "<group>";
		};
		4F796C971D4B6809009D0E6C /* Events */ = {
			isa = PBXGroup;
			children = (
			);
			name = Events;
			sourceTree = "<group>";
		};
		4F7BFA241D40D4EE005BB78C /* Authorization */ = {
			isa = PBXGroup;
			children = (
				4F86B1F31D54A1CA004A1DAB /* ProfileUpdaters */,
				4FE194961D4212F800708B49 /* ForgotPassword */,
				4FE194951D4212CC00708B49 /* Signup */,
				4FE194871D42016600708B49 /* Authorization */,
				4F796C941D4B66B7009D0E6C /* Authorization.storyboard */,
				4FF956B71D40D9B900FB0242 /* AuthorizationAssets.xcassets */,
			);
			name = Authorization;
			sourceTree = "<group>";
		};
		4F86B1F31D54A1CA004A1DAB /* ProfileUpdaters */ = {
			isa = PBXGroup;
			children = (
				4F86B1F51D54A285004A1DAB /* ProfileUpdaterFromFacebook */,
				4F86B1F81D54A285004A1DAB /* ProfileUpdaterFromTwitter */,
				4F86B1F41D54A21C004A1DAB /* ProfileUpdaterProtocol.h */,
			);
			name = ProfileUpdaters;
			sourceTree = "<group>";
		};
		4F86B1F51D54A285004A1DAB /* ProfileUpdaterFromFacebook */ = {
			isa = PBXGroup;
			children = (
				4F86B1F61D54A285004A1DAB /* ProfileUpdaterFromFacebook.h */,
				4F86B1F71D54A285004A1DAB /* ProfileUpdaterFromFacebook.m */,
			);
			name = ProfileUpdaterFromFacebook;
			path = Authorization/ProfileUpdaters/ProfileUpdaterFromFacebook;
			sourceTree = "<group>";
		};
		4F86B1F81D54A285004A1DAB /* ProfileUpdaterFromTwitter */ = {
			isa = PBXGroup;
			children = (
				4F86B1F91D54A285004A1DAB /* ProfileUpdaterFromTwitter.h */,
				4F86B1FA1D54A285004A1DAB /* ProfileUpdaterFromTwitter.m */,
			);
			name = ProfileUpdaterFromTwitter;
			path = Authorization/ProfileUpdaters/ProfileUpdaterFromTwitter;
			sourceTree = "<group>";
		};
		4F8ACE9D1D40D37E00593D00 /* LaunchImage */ = {
			isa = PBXGroup;
			children = (
				4FFB0AAF1D3F632400D20B8A /* LaunchScreen.storyboard */,
				4F8ACE9E1D40D3DA00593D00 /* LaunchImage.xcassets */,
			);
			name = LaunchImage;
			sourceTree = "<group>";
		};
		4FC4F4771D4A106200854283 /* RoundImageView */ = {
			isa = PBXGroup;
			children = (
				4FC4F4791D4A10D900854283 /* RoundImageView.h */,
				4FC4F47A1D4A10D900854283 /* RoundImageView.m */,
			);
			name = RoundImageView;
			sourceTree = "<group>";
		};
		4FC4F4781D4A108900854283 /* ProfileNameAndPhoto */ = {
			isa = PBXGroup;
			children = (
				4FC4F4721D4A0C5A00854283 /* ProfileNameAndPhotoViewController.h */,
				4FC4F4731D4A0C5A00854283 /* ProfileNameAndPhotoViewController.m */,
			);
			name = ProfileNameAndPhoto;
			sourceTree = "<group>";
		};
		4FCD28071D49FE8000C98C6A /* MainScreen */ = {
			isa = PBXGroup;
			children = (
				4FCD28081D49FEC300C98C6A /* MainViewController.h */,
				4FCD28091D49FEC300C98C6A /* MainViewController.m */,
				4FFB0AAA1D3F632400D20B8A /* Main.storyboard */,
			);
			name = MainScreen;
			sourceTree = "<group>";
		};
		4FCD280B1D4A0B7A00C98C6A /* Profile */ = {
			isa = PBXGroup;
			children = (
				4FC4F4771D4A106200854283 /* RoundImageView */,
				4FC4F4781D4A108900854283 /* ProfileNameAndPhoto */,
				4FC4F4701D4A0BD300854283 /* Profile.storyboard */,
				4FC4F4751D4A0E0600854283 /* Profile.xcassets */,
			);
			name = Profile;
			sourceTree = "<group>";
		};
		4FE194871D42016600708B49 /* Authorization */ = {
			isa = PBXGroup;
			children = (
				4FE194841D42016100708B49 /* LoginViewController.h */,
				4FE194851D42016100708B49 /* LoginViewController.m */,
				4FE194881D42029200708B49 /* LoginView.h */,
				4FE194891D42029200708B49 /* LoginView.m */,
			);
			name = Authorization;
			sourceTree = "<group>";
		};
		4FE1948B1D420A9700708B49 /* Common */ = {
			isa = PBXGroup;
			children = (
				4F2F337E1D47433000F1F003 /* DataModel */,
				4FE1948F1D420AED00708B49 /* UI */,
			);
			name = Common;
			sourceTree = "<group>";
		};
		4FE1948F1D420AED00708B49 /* UI */ = {
			isa = PBXGroup;
			children = (
				4FE1EE5A1D48C18E009170FB /* SimpleAlert */,
				4FE194941D420F8600708B49 /* RoundedButton */,
				4FE194901D420AF400708B49 /* RoundedTextField */,
			);
			name = UI;
			sourceTree = "<group>";
		};
		4FE194901D420AF400708B49 /* RoundedTextField */ = {
			isa = PBXGroup;
			children = (
				4FE1948C1D420AE900708B49 /* RoundedTextField.h */,
				4FE1948D1D420AE900708B49 /* RoundedTextField.m */,
			);
			name = RoundedTextField;
			sourceTree = "<group>";
		};
		4FE194941D420F8600708B49 /* RoundedButton */ = {
			isa = PBXGroup;
			children = (
				4FE194911D420F7E00708B49 /* RoundedButton.h */,
				4FE194921D420F7E00708B49 /* RoundedButton.m */,
			);
			name = RoundedButton;
			sourceTree = "<group>";
		};
		4FE194951D4212CC00708B49 /* Signup */ = {
			isa = PBXGroup;
			children = (
				4FE194971D42138C00708B49 /* SignupViewController.h */,
				4FE194981D42138C00708B49 /* SignupViewController.m */,
				4FE1949D1D422F4500708B49 /* SignupView.h */,
				4FE1949E1D422F4500708B49 /* SignupView.m */,
			);
			name = Signup;
			sourceTree = "<group>";
		};
		4FE194961D4212F800708B49 /* ForgotPassword */ = {
			isa = PBXGroup;
			children = (
				4FE1949A1D422BBE00708B49 /* ForgotPasswordViewController.h */,
				4FE1949B1D422BBE00708B49 /* ForgotPasswordViewController.m */,
			);
			name = ForgotPassword;
			sourceTree = "<group>";
		};
		4FE1EE5A1D48C18E009170FB /* SimpleAlert */ = {
			isa = PBXGroup;
			children = (
				4FE1EE5B1D48C25D009170FB /* UIAlertController+SimpleAlert.h */,
				4FE1EE5C1D48C25D009170FB /* UIAlertController+SimpleAlert.m */,
			);
			name = SimpleAlert;
			sourceTree = "<group>";
		};
		4FFB0A951D3F632400D20B8A = {
			isa = PBXGroup;
			children = (
				4FFB0AA01D3F632400D20B8A /* Cheday */,
				4FFB0A9F1D3F632400D20B8A /* Products */,
				4FFB0ABD1D3F676400D20B8A /* Frameworks */,
			);
			sourceTree = "<group>";
		};
		4FFB0A9F1D3F632400D20B8A /* Products */ = {
			isa = PBXGroup;
			children = (
				4FFB0A9E1D3F632400D20B8A /* Cheday.app */,
			);
			name = Products;
			sourceTree = "<group>";
		};
		4FFB0AA01D3F632400D20B8A /* Cheday */ = {
			isa = PBXGroup;
			children = (
				4F796C971D4B6809009D0E6C /* Events */,
				4FCD280B1D4A0B7A00C98C6A /* Profile */,
				4FE1948B1D420A9700708B49 /* Common */,
				4FCD28071D49FE8000C98C6A /* MainScreen */,
				4F7BFA241D40D4EE005BB78C /* Authorization */,
				4F8ACE9D1D40D37E00593D00 /* LaunchImage */,
				4FFB0AA41D3F632400D20B8A /* AppDelegate.h */,
				4FFB0AA51D3F632400D20B8A /* AppDelegate.m */,
				4FFB0AAD1D3F632400D20B8A /* Assets.xcassets */,
				4FFB0AB21D3F632400D20B8A /* Info.plist */,
				4FFB0AA11D3F632400D20B8A /* Supporting Files */,
			);
			path = Cheday;
			sourceTree = "<group>";
		};
		4FFB0AA11D3F632400D20B8A /* Supporting Files */ = {
			isa = PBXGroup;
			children = (
				4FFB0AA21D3F632400D20B8A /* main.m */,
			);
			name = "Supporting Files";
			sourceTree = "<group>";
		};
		4FFB0ABD1D3F676400D20B8A /* Frameworks */ = {
			isa = PBXGroup;
			children = (
				4F47ED651D51E83C00BE03C1 /* AFNetworking.framework */,
				4F8A08A31D509135004658DC /* Accounts.framework */,
				4F86B1EB1D54850E004A1DAB /* FBSDKCoreKit.framework */,
				4F86B1ED1D548A8F004A1DAB /* FBSDKLoginKit.framework */,
				4FBF890E1D3F894300C371A4 /* Bolts.framework */,
				4FBF890F1D3F894300C371A4 /* Parse.framework */,
				4FEF49E81D4F5787008277F3 /* ParseTwitterUtils.framework */,
				4FEF49E41D4F4EC2008277F3 /* ParseFacebookUtilsV4.framework */,
				4FFB0AB91D3F675700D20B8A /* Fabric.framework */,
				4FFB0ABA1D3F675700D20B8A /* Crashlytics.framework */,
				4F04DBA11D46241700105A3D /* IQKeyboardManager.framework */,
				4F9D54841D3F97D300A14739 /* CocoaLumberjack.framework */,
			);
			name = Frameworks;
			sourceTree = "<group>";
		};
/* End PBXGroup section */

/* Begin PBXNativeTarget section */
		4FFB0A9D1D3F632400D20B8A /* Cheday */ = {
			isa = PBXNativeTarget;
			buildConfigurationList = 4FFB0AB51D3F632400D20B8A /* Build configuration list for PBXNativeTarget "Cheday" */;
			buildPhases = (
				4FFB0A9A1D3F632400D20B8A /* Sources */,
				4FFB0A9B1D3F632400D20B8A /* Frameworks */,
				4FFB0A9C1D3F632400D20B8A /* Resources */,
				4FA41D9F1D3F849B00F2A92A /* ShellScript */,
				4FFB0AB81D3F672700D20B8A /* ShellScript */,
			);
			buildRules = (
			);
			dependencies = (
			);
			name = Cheday;
			productName = Cheday;
			productReference = 4FFB0A9E1D3F632400D20B8A /* Cheday.app */;
			productType = "com.apple.product-type.application";
		};
/* End PBXNativeTarget section */

/* Begin PBXProject section */
		4FFB0A961D3F632400D20B8A /* Project object */ = {
			isa = PBXProject;
			attributes = {
				LastUpgradeCheck = 0720;
				ORGANIZATIONNAME = Cheday;
				TargetAttributes = {
					4FFB0A9D1D3F632400D20B8A = {
						CreatedOnToolsVersion = 7.2;
						DevelopmentTeam = 9KJGG96H6S;
					};
				};
			};
			buildConfigurationList = 4FFB0A991D3F632400D20B8A /* Build configuration list for PBXProject "Cheday" */;
			compatibilityVersion = "Xcode 3.2";
			developmentRegion = Russian;
			hasScannedForEncodings = 0;
			knownRegions = (
				Base,
				ru,
			);
			mainGroup = 4FFB0A951D3F632400D20B8A;
			productRefGroup = 4FFB0A9F1D3F632400D20B8A /* Products */;
			projectDirPath = "";
			projectRoot = "";
			targets = (
				4FFB0A9D1D3F632400D20B8A /* Cheday */,
			);
		};
/* End PBXProject section */

/* Begin PBXResourcesBuildPhase section */
		4FFB0A9C1D3F632400D20B8A /* Resources */ = {
			isa = PBXResourcesBuildPhase;
			buildActionMask = 2147483647;
			files = (
				4FFB0AB11D3F632400D20B8A /* LaunchScreen.storyboard in Resources */,
				4FFB0AAE1D3F632400D20B8A /* Assets.xcassets in Resources */,
				4F8ACE9F1D40D3DA00593D00 /* LaunchImage.xcassets in Resources */,
				4F796C921D4B66B7009D0E6C /* Authorization.storyboard in Resources */,
				4FF956B81D40D9B900FB0242 /* AuthorizationAssets.xcassets in Resources */,
				4FC4F4761D4A0E0600854283 /* Profile.xcassets in Resources */,
				4FC4F4711D4A0BD300854283 /* Profile.storyboard in Resources */,
				4FFB0AAC1D3F632400D20B8A /* Main.storyboard in Resources */,
			);
			runOnlyForDeploymentPostprocessing = 0;
		};
/* End PBXResourcesBuildPhase section */

/* Begin PBXShellScriptBuildPhase section */
		4FA41D9F1D3F849B00F2A92A /* ShellScript */ = {
			isa = PBXShellScriptBuildPhase;
			buildActionMask = 2147483647;
			files = (
			);
			inputPaths = (
				"$(SRCROOT)/Carthage/Build/iOS/Parse.framework",
				"$(SRCROOT)/Carthage/Build/iOS/Bolts.framework",
				"$(SRCROOT)/Carthage/Build/iOS/CocoaLumberjack.framework",
				"$(SRCROOT)/Carthage/Build/iOS/IQKeyboardManager.framework",
				"$(SRCROOT)/Carthage/Build/iOS/ParseTwitterUtils.framework",
				"$(SRCROOT)/Carthage/Build/iOS/AFNetworking.framework",
				"$(SRCROOT)/Carthage/Build/iOS/FBSDKCoreKit.framework",
				"$(SRCROOT)/Carthage/Build/iOS/FBSDKLoginKit.framework",
			);
			outputPaths = (
			);
			runOnlyForDeploymentPostprocessing = 0;
			shellPath = /bin/sh;
			shellScript = "/usr/local/bin/carthage copy-frameworks\n";
		};
		4FFB0AB81D3F672700D20B8A /* ShellScript */ = {
			isa = PBXShellScriptBuildPhase;
			buildActionMask = 2147483647;
			files = (
			);
			inputPaths = (
			);
			outputPaths = (
			);
			runOnlyForDeploymentPostprocessing = 0;
			shellPath = /bin/sh;
			shellScript = "if [ \"${CONFIGURATION}\" != \"Debug\" ]; then\n    ./Fabric.framework/run 05338b542f417399f2f8677ce9f8277c2e44e440 70e7e15bef399462d39606d624c29ca864a169e8f6c4c01589564837cf67e84a\nfi";
		};
/* End PBXShellScriptBuildPhase section */

/* Begin PBXSourcesBuildPhase section */
		4FFB0A9A1D3F632400D20B8A /* Sources */ = {
			isa = PBXSourcesBuildPhase;
			buildActionMask = 2147483647;
			files = (
				4FE1948A1D42029200708B49 /* LoginView.m in Sources */,
				4FE1EE5D1D48C25D009170FB /* UIAlertController+SimpleAlert.m in Sources */,
				4FE194861D42016100708B49 /* LoginViewController.m in Sources */,
				4FE1949F1D422F4500708B49 /* SignupView.m in Sources */,
				4FE1948E1D420AE900708B49 /* RoundedTextField.m in Sources */,
				4FFB0AA61D3F632400D20B8A /* AppDelegate.m in Sources */,
				4F2F33811D47436200F1F003 /* User.m in Sources */,
				4FCD280A1D49FEC300C98C6A /* MainViewController.m in Sources */,
				4FFB0AA31D3F632400D20B8A /* main.m in Sources */,
				4FE1949C1D422BBE00708B49 /* ForgotPasswordViewController.m in Sources */,
				4FE194991D42138C00708B49 /* SignupViewController.m in Sources */,
				4F86B1FC1D54A285004A1DAB /* ProfileUpdaterFromTwitter.m in Sources */,
				4FC4F47B1D4A10D900854283 /* RoundImageView.m in Sources */,
				4FC4F4741D4A0C5A00854283 /* ProfileNameAndPhotoViewController.m in Sources */,
				4F86B1FB1D54A285004A1DAB /* ProfileUpdaterFromFacebook.m in Sources */,
				4FE194931D420F7E00708B49 /* RoundedButton.m in Sources */,
			);
			runOnlyForDeploymentPostprocessing = 0;
		};
/* End PBXSourcesBuildPhase section */

/* Begin PBXVariantGroup section */
		4F796C941D4B66B7009D0E6C /* Authorization.storyboard */ = {
			isa = PBXVariantGroup;
			children = (
				4F796C931D4B66B7009D0E6C /* Base */,
			);
			name = Authorization.storyboard;
			path = Authorization;
			sourceTree = "<group>";
		};
		4FFB0AAA1D3F632400D20B8A /* Main.storyboard */ = {
			isa = PBXVariantGroup;
			children = (
				4FFB0AAB1D3F632400D20B8A /* Base */,
			);
			name = Main.storyboard;
			sourceTree = "<group>";
		};
		4FFB0AAF1D3F632400D20B8A /* LaunchScreen.storyboard */ = {
			isa = PBXVariantGroup;
			children = (
				4FFB0AB01D3F632400D20B8A /* Base */,
			);
			name = LaunchScreen.storyboard;
			sourceTree = "<group>";
		};
/* End PBXVariantGroup section */

/* Begin XCBuildConfiguration section */
		4FFB0AB31D3F632400D20B8A /* Debug */ = {
			isa = XCBuildConfiguration;
			buildSettings = {
				ALWAYS_SEARCH_USER_PATHS = NO;
				CLANG_CXX_LANGUAGE_STANDARD = "gnu++0x";
				CLANG_CXX_LIBRARY = "libc++";
				CLANG_ENABLE_MODULES = YES;
				CLANG_ENABLE_OBJC_ARC = YES;
				CLANG_WARN_BOOL_CONVERSION = YES;
				CLANG_WARN_CONSTANT_CONVERSION = YES;
				CLANG_WARN_DIRECT_OBJC_ISA_USAGE = YES_ERROR;
				CLANG_WARN_EMPTY_BODY = YES;
				CLANG_WARN_ENUM_CONVERSION = YES;
				CLANG_WARN_INT_CONVERSION = YES;
				CLANG_WARN_OBJC_ROOT_CLASS = YES_ERROR;
				CLANG_WARN_UNREACHABLE_CODE = YES;
				CLANG_WARN__DUPLICATE_METHOD_MATCH = YES;
				"CODE_SIGN_IDENTITY[sdk=iphoneos*]" = "iPhone Developer";
				COPY_PHASE_STRIP = NO;
				DEBUG_INFORMATION_FORMAT = dwarf;
				ENABLE_STRICT_OBJC_MSGSEND = YES;
				ENABLE_TESTABILITY = YES;
				GCC_C_LANGUAGE_STANDARD = gnu99;
				GCC_DYNAMIC_NO_PIC = NO;
				GCC_NO_COMMON_BLOCKS = YES;
				GCC_OPTIMIZATION_LEVEL = 0;
				GCC_PREPROCESSOR_DEFINITIONS = (
					"DEBUG=1",
					"$(inherited)",
				);
				GCC_WARN_64_TO_32_BIT_CONVERSION = YES;
				GCC_WARN_ABOUT_RETURN_TYPE = YES_ERROR;
				GCC_WARN_UNDECLARED_SELECTOR = YES;
				GCC_WARN_UNINITIALIZED_AUTOS = YES_AGGRESSIVE;
				GCC_WARN_UNUSED_FUNCTION = YES;
				GCC_WARN_UNUSED_VARIABLE = YES;
				IPHONEOS_DEPLOYMENT_TARGET = 9.2;
				MTL_ENABLE_DEBUG_INFO = YES;
				ONLY_ACTIVE_ARCH = YES;
				SDKROOT = iphoneos;
			};
			name = Debug;
		};
		4FFB0AB41D3F632400D20B8A /* Release */ = {
			isa = XCBuildConfiguration;
			buildSettings = {
				ALWAYS_SEARCH_USER_PATHS = NO;
				CLANG_CXX_LANGUAGE_STANDARD = "gnu++0x";
				CLANG_CXX_LIBRARY = "libc++";
				CLANG_ENABLE_MODULES = YES;
				CLANG_ENABLE_OBJC_ARC = YES;
				CLANG_WARN_BOOL_CONVERSION = YES;
				CLANG_WARN_CONSTANT_CONVERSION = YES;
				CLANG_WARN_DIRECT_OBJC_ISA_USAGE = YES_ERROR;
				CLANG_WARN_EMPTY_BODY = YES;
				CLANG_WARN_ENUM_CONVERSION = YES;
				CLANG_WARN_INT_CONVERSION = YES;
				CLANG_WARN_OBJC_ROOT_CLASS = YES_ERROR;
				CLANG_WARN_UNREACHABLE_CODE = YES;
				CLANG_WARN__DUPLICATE_METHOD_MATCH = YES;
				"CODE_SIGN_IDENTITY[sdk=iphoneos*]" = "iPhone Developer";
				COPY_PHASE_STRIP = NO;
				DEBUG_INFORMATION_FORMAT = "dwarf-with-dsym";
				ENABLE_NS_ASSERTIONS = NO;
				ENABLE_STRICT_OBJC_MSGSEND = YES;
				GCC_C_LANGUAGE_STANDARD = gnu99;
				GCC_NO_COMMON_BLOCKS = YES;
				GCC_WARN_64_TO_32_BIT_CONVERSION = YES;
				GCC_WARN_ABOUT_RETURN_TYPE = YES_ERROR;
				GCC_WARN_UNDECLARED_SELECTOR = YES;
				GCC_WARN_UNINITIALIZED_AUTOS = YES_AGGRESSIVE;
				GCC_WARN_UNUSED_FUNCTION = YES;
				GCC_WARN_UNUSED_VARIABLE = YES;
				IPHONEOS_DEPLOYMENT_TARGET = 9.2;
				MTL_ENABLE_DEBUG_INFO = NO;
				SDKROOT = iphoneos;
				VALIDATE_PRODUCT = YES;
			};
			name = Release;
		};
		4FFB0AB61D3F632400D20B8A /* Debug */ = {
			isa = XCBuildConfiguration;
			buildSettings = {
				ASSETCATALOG_COMPILER_APPICON_NAME = AppIcon;
				CLANG_ALLOW_NON_MODULAR_INCLUDES_IN_FRAMEWORK_MODULES = NO;
				CODE_SIGN_IDENTITY = "iPhone Developer";
				"CODE_SIGN_IDENTITY[sdk=iphoneos*]" = "iPhone Developer";
				FRAMEWORK_SEARCH_PATHS = (
					"$(inherited)",
					"$(PROJECT_DIR)",
					"$(SRCROOT)/Carthage/Build/iOS/",
					"$(PROJECT_DIR)/Carthage/Build/iOS",
				);
				GCC_TREAT_INCOMPATIBLE_POINTER_TYPE_WARNINGS_AS_ERRORS = YES;
				GCC_TREAT_WARNINGS_AS_ERRORS = YES;
				INFOPLIST_FILE = Cheday/Info.plist;
				LD_RUNPATH_SEARCH_PATHS = "$(inherited) @executable_path/Frameworks";
				PRODUCT_BUNDLE_IDENTIFIER = org.cheday.Cheday;
				PRODUCT_NAME = "$(TARGET_NAME)";
				PROVISIONING_PROFILE = "";
			};
			name = Debug;
		};
		4FFB0AB71D3F632400D20B8A /* Release */ = {
			isa = XCBuildConfiguration;
			buildSettings = {
				ASSETCATALOG_COMPILER_APPICON_NAME = AppIcon;
				CLANG_ALLOW_NON_MODULAR_INCLUDES_IN_FRAMEWORK_MODULES = NO;
				CODE_SIGN_IDENTITY = "iPhone Developer";
				"CODE_SIGN_IDENTITY[sdk=iphoneos*]" = "iPhone Developer";
				FRAMEWORK_SEARCH_PATHS = (
					"$(inherited)",
					"$(PROJECT_DIR)",
					"$(SRCROOT)/Carthage/Build/iOS/",
					"$(PROJECT_DIR)/Carthage/Build/iOS",
				);
				GCC_TREAT_INCOMPATIBLE_POINTER_TYPE_WARNINGS_AS_ERRORS = YES;
				GCC_TREAT_WARNINGS_AS_ERRORS = YES;
				INFOPLIST_FILE = Cheday/Info.plist;
				LD_RUNPATH_SEARCH_PATHS = "$(inherited) @executable_path/Frameworks";
				PRODUCT_BUNDLE_IDENTIFIER = org.cheday.Cheday;
				PRODUCT_NAME = "$(TARGET_NAME)";
				PROVISIONING_PROFILE = "";
			};
			name = Release;
		};
/* End XCBuildConfiguration section */

/* Begin XCConfigurationList section */
		4FFB0A991D3F632400D20B8A /* Build configuration list for PBXProject "Cheday" */ = {
			isa = XCConfigurationList;
			buildConfigurations = (
				4FFB0AB31D3F632400D20B8A /* Debug */,
				4FFB0AB41D3F632400D20B8A /* Release */,
			);
			defaultConfigurationIsVisible = 0;
			defaultConfigurationName = Release;
		};
		4FFB0AB51D3F632400D20B8A /* Build configuration list for PBXNativeTarget "Cheday" */ = {
			isa = XCConfigurationList;
			buildConfigurations = (
				4FFB0AB61D3F632400D20B8A /* Debug */,
				4FFB0AB71D3F632400D20B8A /* Release */,
			);
			defaultConfigurationIsVisible = 0;
			defaultConfigurationName = Release;
		};
/* End XCConfigurationList section */
	};
	rootObject = 4FFB0A961D3F632400D20B8A /* Project object */;
}
